<?xml version="1.0" encoding="utf-8"?>
<Project ToolsVersion="4.0" xmlns="http://schemas.microsoft.com/developer/msbuild/2003">
  <ItemGroup>
    <Filter Include="Source Files">
      <UniqueIdentifier>{4FC737F1-C7A5-4376-A066-2A32D752A2FF}</UniqueIdentifier>
      <Extensions>cpp;c;cc;cxx;def;odl;idl;hpj;bat;asm;asmx</Extensions>
    </Filter>
    <Filter Include="Header Files">
      <UniqueIdentifier>{93995380-89BD-4b04-88EB-625FBE52EBFB}</UniqueIdentifier>
      <Extensions>h;hh;hpp;hxx;hm;inl;inc;ipp;xsd</Extensions>
    </Filter>
    <Filter Include="Resource Files">
      <UniqueIdentifier>{67DA6AB6-F800-4c08-8B7A-83BB121AAD01}</UniqueIdentifier>
      <Extensions>rc;ico;cur;bmp;dlg;rc2;rct;bin;rgs;gif;jpg;jpeg;jpe;resx;tiff;tif;png;wav;mfcribbon-ms</Extensions>
    </Filter>
    <Filter Include="Source Files\core">
      <UniqueIdentifier>{b42cef41-1a88-4ea2-a846-d03cce1c7099}</UniqueIdentifier>
    </Filter>
    <Filter Include="Source Files\gen">
      <UniqueIdentifier>{27825278-ce37-40c8-b556-1b83feeea048}</UniqueIdentifier>
    </Filter>
  </ItemGroup>
  <ItemGroup>
    <ClCompile Include="..\..\src\core\camera_matrix.cpp">
      <Filter>Source Files\core</Filter>
    </ClCompile>
    <ClCompile Include="..\..\src\core\color.cpp">
      <Filter>Source Files\core</Filter>
    </ClCompile>
    <ClCompile Include="..\..\src\core\dictionary.cpp">
      <Filter>Source Files\core</Filter>
    </ClCompile>
    <ClCompile Include="..\..\src\core\godot_global.cpp">
      <Filter>Source Files\core</Filter>
    </ClCompile>
    <ClCompile Include="..\..\src\core\node_path.cpp">
      <Filter>Source Files\core</Filter>
    </ClCompile>
    <ClCompile Include="..\..\src\core\plane.cpp">
      <Filter>Source Files\core</Filter>
    </ClCompile>
    <ClCompile Include="..\..\src\core\pool_arrays.cpp">
      <Filter>Source Files\core</Filter>
    </ClCompile>
    <ClCompile Include="..\..\src\core\quat.cpp">
      <Filter>Source Files\core</Filter>
    </ClCompile>
    <ClCompile Include="..\..\src\core\rect2.cpp">
      <Filter>Source Files\core</Filter>
    </ClCompile>
    <ClCompile Include="..\..\src\core\rid.cpp">
      <Filter>Source Files\core</Filter>
    </ClCompile>
    <ClCompile Include="..\..\src\core\string.cpp">
      <Filter>Source Files\core</Filter>
    </ClCompile>
    <ClCompile Include="..\..\src\core\tag_db.cpp">
      <Filter>Source Files\core</Filter>
    </ClCompile>
    <ClCompile Include="..\..\src\core\transform.cpp">
      <Filter>Source Files\core</Filter>
    </ClCompile>
    <ClCompile Include="..\..\src\core\transform2d.cpp">
      <Filter>Source Files\core</Filter>
    </ClCompile>
    <ClCompile Include="..\..\src\core\variant.cpp">
      <Filter>Source Files\core</Filter>
    </ClCompile>
    <ClCompile Include="..\..\src\core\vector2.cpp">
      <Filter>Source Files\core</Filter>
    </ClCompile>
    <ClCompile Include="..\..\src\core\vector3.cpp">
      <Filter>Source Files\core</Filter>
    </ClCompile>
    <ClCompile Include="..\..\src\core\aabb.cpp">
      <Filter>Source Files\core</Filter>
    </ClCompile>
    <ClCompile Include="..\..\src\core\array.cpp">
      <Filter>Source Files\core</Filter>
    </ClCompile>
    <ClCompile Include="..\..\src\core\basis.cpp">
      <Filter>Source Files\core</Filter>
    </ClCompile>
    <ClCompile Include="..\..\src\gen\animated_sprite.cpp">
      <Filter>Source Files\gen</Filter>
    </ClCompile>
    <ClCompile Include="..\..\src\gen\animated_sprite3d.cpp">
      <Filter>Source Files\gen</Filter>
    </ClCompile>
    <ClCompile Include="..\..\src\gen\animated_texture.cpp">
      <Filter>Source Files\gen</Filter>
    </ClCompile>
    <ClCompile Include="..\..\src\gen\animation.cpp">
      <Filter>Source Files\gen</Filter>
    </ClCompile>
    <ClCompile Include="..\..\src\gen\animation_node.cpp">
      <Filter>Source Files\gen</Filter>
    </ClCompile>
    <ClCompile Include="..\..\src\gen\animation_node_add2.cpp">
      <Filter>Source Files\gen</Filter>
    </ClCompile>
    <ClCompile Include="..\..\src\gen\animation_node_add3.cpp">
      <Filter>Source Files\gen</Filter>
    </ClCompile>
    <ClCompile Include="..\..\src\gen\animation_node_animation.cpp">
      <Filter>Source Files\gen</Filter>
    </ClCompile>
    <ClCompile Include="..\..\src\gen\animation_node_blend_space1d.cpp">
      <Filter>Source Files\gen</Filter>
    </ClCompile>
    <ClCompile Include="..\..\src\gen\animation_node_blend_space2d.cpp">
      <Filter>Source Files\gen</Filter>
    </ClCompile>
    <ClCompile Include="..\..\src\gen\animation_node_blend_tree.cpp">
      <Filter>Source Files\gen</Filter>
    </ClCompile>
    <ClCompile Include="..\..\src\gen\animation_node_blend2.cpp">
      <Filter>Source Files\gen</Filter>
    </ClCompile>
    <ClCompile Include="..\..\src\gen\animation_node_blend3.cpp">
      <Filter>Source Files\gen</Filter>
    </ClCompile>
    <ClCompile Include="..\..\src\gen\animation_node_one_shot.cpp">
      <Filter>Source Files\gen</Filter>
    </ClCompile>
    <ClCompile Include="..\..\src\gen\animation_node_output.cpp">
      <Filter>Source Files\gen</Filter>
    </ClCompile>
    <ClCompile Include="..\..\src\gen\animation_node_state_machine.cpp">
      <Filter>Source Files\gen</Filter>
    </ClCompile>
    <ClCompile Include="..\..\src\gen\animation_node_state_machine_playback.cpp">
      <Filter>Source Files\gen</Filter>
    </ClCompile>
    <ClCompile Include="..\..\src\gen\animation_node_state_machine_transition.cpp">
      <Filter>Source Files\gen</Filter>
    </ClCompile>
    <ClCompile Include="..\..\src\gen\animation_node_time_scale.cpp">
      <Filter>Source Files\gen</Filter>
    </ClCompile>
    <ClCompile Include="..\..\src\gen\animation_node_time_seek.cpp">
      <Filter>Source Files\gen</Filter>
    </ClCompile>
    <ClCompile Include="..\..\src\gen\animation_node_transition.cpp">
      <Filter>Source Files\gen</Filter>
    </ClCompile>
    <ClCompile Include="..\..\src\gen\animation_player.cpp">
      <Filter>Source Files\gen</Filter>
    </ClCompile>
    <ClCompile Include="..\..\src\gen\animation_root_node.cpp">
      <Filter>Source Files\gen</Filter>
    </ClCompile>
    <ClCompile Include="..\..\src\gen\animation_track_edit_plugin.cpp">
      <Filter>Source Files\gen</Filter>
    </ClCompile>
    <ClCompile Include="..\..\src\gen\animation_tree.cpp">
      <Filter>Source Files\gen</Filter>
    </ClCompile>
    <ClCompile Include="..\..\src\gen\animation_tree_player.cpp">
      <Filter>Source Files\gen</Filter>
    </ClCompile>
    <ClCompile Include="..\..\src\gen\area.cpp">
      <Filter>Source Files\gen</Filter>
    </ClCompile>
    <ClCompile Include="..\..\src\gen\area2d.cpp">
      <Filter>Source Files\gen</Filter>
    </ClCompile>
    <ClCompile Include="..\..\src\gen\array_mesh.cpp">
      <Filter>Source Files\gen</Filter>
    </ClCompile>
    <ClCompile Include="..\..\src\gen\arvranchor.cpp">
      <Filter>Source Files\gen</Filter>
    </ClCompile>
    <ClCompile Include="..\..\src\gen\arvrcamera.cpp">
      <Filter>Source Files\gen</Filter>
    </ClCompile>
    <ClCompile Include="..\..\src\gen\arvrcontroller.cpp">
      <Filter>Source Files\gen</Filter>
    </ClCompile>
    <ClCompile Include="..\..\src\gen\arvrinterface.cpp">
      <Filter>Source Files\gen</Filter>
    </ClCompile>
    <ClCompile Include="..\..\src\gen\arvrinterface_gdnative.cpp">
      <Filter>Source Files\gen</Filter>
    </ClCompile>
    <ClCompile Include="..\..\src\gen\arvrorigin.cpp">
      <Filter>Source Files\gen</Filter>
    </ClCompile>
    <ClCompile Include="..\..\src\gen\arvrpositional_tracker.cpp">
      <Filter>Source Files\gen</Filter>
    </ClCompile>
    <ClCompile Include="..\..\src\gen\arvrserver.cpp">
      <Filter>Source Files\gen</Filter>
    </ClCompile>
    <ClCompile Include="..\..\src\gen\aspect_ratio_container.cpp">
      <Filter>Source Files\gen</Filter>
    </ClCompile>
    <ClCompile Include="..\..\src\gen\astar.cpp">
      <Filter>Source Files\gen</Filter>
    </ClCompile>
    <ClCompile Include="..\..\src\gen\astar2d.cpp">
      <Filter>Source Files\gen</Filter>
    </ClCompile>
    <ClCompile Include="..\..\src\gen\atlas_texture.cpp">
      <Filter>Source Files\gen</Filter>
    </ClCompile>
    <ClCompile Include="..\..\src\gen\audio_bus_layout.cpp">
      <Filter>Source Files\gen</Filter>
    </ClCompile>
    <ClCompile Include="..\..\src\gen\audio_effect.cpp">
      <Filter>Source Files\gen</Filter>
    </ClCompile>
    <ClCompile Include="..\..\src\gen\audio_effect_amplify.cpp">
      <Filter>Source Files\gen</Filter>
    </ClCompile>
    <ClCompile Include="..\..\src\gen\audio_effect_band_limit_filter.cpp">
      <Filter>Source Files\gen</Filter>
    </ClCompile>
    <ClCompile Include="..\..\src\gen\audio_effect_band_pass_filter.cpp">
      <Filter>Source Files\gen</Filter>
    </ClCompile>
    <ClCompile Include="..\..\src\gen\audio_effect_capture.cpp">
      <Filter>Source Files\gen</Filter>
    </ClCompile>
    <ClCompile Include="..\..\src\gen\audio_effect_chorus.cpp">
      <Filter>Source Files\gen</Filter>
    </ClCompile>
    <ClCompile Include="..\..\src\gen\audio_effect_compressor.cpp">
      <Filter>Source Files\gen</Filter>
    </ClCompile>
    <ClCompile Include="..\..\src\gen\audio_effect_delay.cpp">
      <Filter>Source Files\gen</Filter>
    </ClCompile>
    <ClCompile Include="..\..\src\gen\audio_effect_distortion.cpp">
      <Filter>Source Files\gen</Filter>
    </ClCompile>
    <ClCompile Include="..\..\src\gen\audio_effect_eq.cpp">
      <Filter>Source Files\gen</Filter>
    </ClCompile>
    <ClCompile Include="..\..\src\gen\audio_effect_eq6.cpp">
      <Filter>Source Files\gen</Filter>
    </ClCompile>
    <ClCompile Include="..\..\src\gen\audio_effect_eq10.cpp">
      <Filter>Source Files\gen</Filter>
    </ClCompile>
    <ClCompile Include="..\..\src\gen\audio_effect_eq21.cpp">
      <Filter>Source Files\gen</Filter>
    </ClCompile>
    <ClCompile Include="..\..\src\gen\audio_effect_filter.cpp">
      <Filter>Source Files\gen</Filter>
    </ClCompile>
    <ClCompile Include="..\..\src\gen\audio_effect_high_pass_filter.cpp">
      <Filter>Source Files\gen</Filter>
    </ClCompile>
    <ClCompile Include="..\..\src\gen\audio_effect_high_shelf_filter.cpp">
      <Filter>Source Files\gen</Filter>
    </ClCompile>
    <ClCompile Include="..\..\src\gen\audio_effect_instance.cpp">
      <Filter>Source Files\gen</Filter>
    </ClCompile>
    <ClCompile Include="..\..\src\gen\audio_effect_limiter.cpp">
      <Filter>Source Files\gen</Filter>
    </ClCompile>
    <ClCompile Include="..\..\src\gen\audio_effect_low_pass_filter.cpp">
      <Filter>Source Files\gen</Filter>
    </ClCompile>
    <ClCompile Include="..\..\src\gen\audio_effect_low_shelf_filter.cpp">
      <Filter>Source Files\gen</Filter>
    </ClCompile>
    <ClCompile Include="..\..\src\gen\audio_effect_notch_filter.cpp">
      <Filter>Source Files\gen</Filter>
    </ClCompile>
    <ClCompile Include="..\..\src\gen\audio_effect_panner.cpp">
      <Filter>Source Files\gen</Filter>
    </ClCompile>
    <ClCompile Include="..\..\src\gen\audio_effect_phaser.cpp">
      <Filter>Source Files\gen</Filter>
    </ClCompile>
    <ClCompile Include="..\..\src\gen\audio_effect_pitch_shift.cpp">
      <Filter>Source Files\gen</Filter>
    </ClCompile>
    <ClCompile Include="..\..\src\gen\audio_effect_record.cpp">
      <Filter>Source Files\gen</Filter>
    </ClCompile>
    <ClCompile Include="..\..\src\gen\audio_effect_reverb.cpp">
      <Filter>Source Files\gen</Filter>
    </ClCompile>
    <ClCompile Include="..\..\src\gen\audio_effect_spectrum_analyzer.cpp">
      <Filter>Source Files\gen</Filter>
    </ClCompile>
    <ClCompile Include="..\..\src\gen\audio_effect_spectrum_analyzer_instance.cpp">
      <Filter>Source Files\gen</Filter>
    </ClCompile>
    <ClCompile Include="..\..\src\gen\audio_effect_stereo_enhance.cpp">
      <Filter>Source Files\gen</Filter>
    </ClCompile>
    <ClCompile Include="..\..\src\gen\audio_server.cpp">
      <Filter>Source Files\gen</Filter>
    </ClCompile>
    <ClCompile Include="..\..\src\gen\audio_stream.cpp">
      <Filter>Source Files\gen</Filter>
    </ClCompile>
    <ClCompile Include="..\..\src\gen\audio_stream_generator.cpp">
      <Filter>Source Files\gen</Filter>
    </ClCompile>
    <ClCompile Include="..\..\src\gen\audio_stream_generator_playback.cpp">
      <Filter>Source Files\gen</Filter>
    </ClCompile>
    <ClCompile Include="..\..\src\gen\audio_stream_microphone.cpp">
      <Filter>Source Files\gen</Filter>
    </ClCompile>
    <ClCompile Include="..\..\src\gen\audio_stream_mp3.cpp">
      <Filter>Source Files\gen</Filter>
    </ClCompile>
    <ClCompile Include="..\..\src\gen\audio_stream_oggvorbis.cpp">
      <Filter>Source Files\gen</Filter>
    </ClCompile>
    <ClCompile Include="..\..\src\gen\audio_stream_playback.cpp">
      <Filter>Source Files\gen</Filter>
    </ClCompile>
    <ClCompile Include="..\..\src\gen\audio_stream_playback_resampled.cpp">
      <Filter>Source Files\gen</Filter>
    </ClCompile>
    <ClCompile Include="..\..\src\gen\audio_stream_player.cpp">
      <Filter>Source Files\gen</Filter>
    </ClCompile>
    <ClCompile Include="..\..\src\gen\audio_stream_player2d.cpp">
      <Filter>Source Files\gen</Filter>
    </ClCompile>
    <ClCompile Include="..\..\src\gen\audio_stream_player3d.cpp">
      <Filter>Source Files\gen</Filter>
    </ClCompile>
    <ClCompile Include="..\..\src\gen\audio_stream_random_pitch.cpp">
      <Filter>Source Files\gen</Filter>
    </ClCompile>
    <ClCompile Include="..\..\src\gen\audio_stream_sample.cpp">
      <Filter>Source Files\gen</Filter>
    </ClCompile>
    <ClCompile Include="..\..\src\gen\back_buffer_copy.cpp">
      <Filter>Source Files\gen</Filter>
    </ClCompile>
    <ClCompile Include="..\..\src\gen\baked_lightmap.cpp">
      <Filter>Source Files\gen</Filter>
    </ClCompile>
    <ClCompile Include="..\..\src\gen\baked_lightmap_data.cpp">
      <Filter>Source Files\gen</Filter>
    </ClCompile>
    <ClCompile Include="..\..\src\gen\base_button.cpp">
      <Filter>Source Files\gen</Filter>
    </ClCompile>
    <ClCompile Include="..\..\src\gen\bit_map.cpp">
      <Filter>Source Files\gen</Filter>
    </ClCompile>
    <ClCompile Include="..\..\src\gen\bitmap_font.cpp">
      <Filter>Source Files\gen</Filter>
    </ClCompile>
    <ClCompile Include="..\..\src\gen\bone_attachment.cpp">
      <Filter>Source Files\gen</Filter>
    </ClCompile>
    <ClCompile Include="..\..\src\gen\bone2d.cpp">
      <Filter>Source Files\gen</Filter>
    </ClCompile>
    <ClCompile Include="..\..\src\gen\box_container.cpp">
      <Filter>Source Files\gen</Filter>
    </ClCompile>
    <ClCompile Include="..\..\src\gen\box_shape.cpp">
      <Filter>Source Files\gen</Filter>
    </ClCompile>
    <ClCompile Include="..\..\src\gen\bullet_physics_server.cpp">
      <Filter>Source Files\gen</Filter>
    </ClCompile>
    <ClCompile Include="..\..\src\gen\button.cpp">
      <Filter>Source Files\gen</Filter>
    </ClCompile>
    <ClCompile Include="..\..\src\gen\button_group.cpp">
      <Filter>Source Files\gen</Filter>
    </ClCompile>
    <ClCompile Include="..\..\src\gen\callback_tweener.cpp">
      <Filter>Source Files\gen</Filter>
    </ClCompile>
    <ClCompile Include="..\..\src\gen\camera.cpp">
      <Filter>Source Files\gen</Filter>
    </ClCompile>
    <ClCompile Include="..\..\src\gen\camera_feed.cpp">
      <Filter>Source Files\gen</Filter>
    </ClCompile>
    <ClCompile Include="..\..\src\gen\camera_server.cpp">
      <Filter>Source Files\gen</Filter>
    </ClCompile>
    <ClCompile Include="..\..\src\gen\camera_texture.cpp">
      <Filter>Source Files\gen</Filter>
    </ClCompile>
    <ClCompile Include="..\..\src\gen\camera2d.cpp">
      <Filter>Source Files\gen</Filter>
    </ClCompile>
    <ClCompile Include="..\..\src\gen\canvas_item.cpp">
      <Filter>Source Files\gen</Filter>
    </ClCompile>
    <ClCompile Include="..\..\src\gen\canvas_item_material.cpp">
      <Filter>Source Files\gen</Filter>
    </ClCompile>
    <ClCompile Include="..\..\src\gen\canvas_layer.cpp">
      <Filter>Source Files\gen</Filter>
    </ClCompile>
    <ClCompile Include="..\..\src\gen\canvas_modulate.cpp">
      <Filter>Source Files\gen</Filter>
    </ClCompile>
    <ClCompile Include="..\..\src\gen\capsule_mesh.cpp">
      <Filter>Source Files\gen</Filter>
    </ClCompile>
    <ClCompile Include="..\..\src\gen\capsule_shape.cpp">
      <Filter>Source Files\gen</Filter>
    </ClCompile>
    <ClCompile Include="..\..\src\gen\capsule_shape2d.cpp">
      <Filter>Source Files\gen</Filter>
    </ClCompile>
    <ClCompile Include="..\..\src\gen\center_container.cpp">
      <Filter>Source Files\gen</Filter>
    </ClCompile>
    <ClCompile Include="..\..\src\gen\char_fxtransform.cpp">
      <Filter>Source Files\gen</Filter>
    </ClCompile>
    <ClCompile Include="..\..\src\gen\check_box.cpp">
      <Filter>Source Files\gen</Filter>
    </ClCompile>
    <ClCompile Include="..\..\src\gen\check_button.cpp">
      <Filter>Source Files\gen</Filter>
    </ClCompile>
    <ClCompile Include="..\..\src\gen\circle_shape2d.cpp">
      <Filter>Source Files\gen</Filter>
    </ClCompile>
    <ClCompile Include="..\..\src\gen\class_db.cpp">
      <Filter>Source Files\gen</Filter>
    </ClCompile>
    <ClCompile Include="..\..\src\gen\clipped_camera.cpp">
      <Filter>Source Files\gen</Filter>
    </ClCompile>
    <ClCompile Include="..\..\src\gen\collision_object.cpp">
      <Filter>Source Files\gen</Filter>
    </ClCompile>
    <ClCompile Include="..\..\src\gen\collision_object2d.cpp">
      <Filter>Source Files\gen</Filter>
    </ClCompile>
    <ClCompile Include="..\..\src\gen\collision_polygon.cpp">
      <Filter>Source Files\gen</Filter>
    </ClCompile>
    <ClCompile Include="..\..\src\gen\collision_polygon2d.cpp">
      <Filter>Source Files\gen</Filter>
    </ClCompile>
    <ClCompile Include="..\..\src\gen\collision_shape.cpp">
      <Filter>Source Files\gen</Filter>
    </ClCompile>
    <ClCompile Include="..\..\src\gen\collision_shape2d.cpp">
      <Filter>Source Files\gen</Filter>
    </ClCompile>
    <ClCompile Include="..\..\src\gen\color_picker.cpp">
      <Filter>Source Files\gen</Filter>
    </ClCompile>
    <ClCompile Include="..\..\src\gen\color_picker_button.cpp">
      <Filter>Source Files\gen</Filter>
    </ClCompile>
    <ClCompile Include="..\..\src\gen\color_rect.cpp">
      <Filter>Source Files\gen</Filter>
    </ClCompile>
    <ClCompile Include="..\..\src\gen\concave_polygon_shape.cpp">
      <Filter>Source Files\gen</Filter>
    </ClCompile>
    <ClCompile Include="..\..\src\gen\concave_polygon_shape2d.cpp">
      <Filter>Source Files\gen</Filter>
    </ClCompile>
    <ClCompile Include="..\..\src\gen\cone_twist_joint.cpp">
      <Filter>Source Files\gen</Filter>
    </ClCompile>
    <ClCompile Include="..\..\src\gen\config_file.cpp">
      <Filter>Source Files\gen</Filter>
    </ClCompile>
    <ClCompile Include="..\..\src\gen\confirmation_dialog.cpp">
      <Filter>Source Files\gen</Filter>
    </ClCompile>
    <ClCompile Include="..\..\src\gen\container.cpp">
      <Filter>Source Files\gen</Filter>
    </ClCompile>
    <ClCompile Include="..\..\src\gen\control.cpp">
      <Filter>Source Files\gen</Filter>
    </ClCompile>
    <ClCompile Include="..\..\src\gen\convex_polygon_shape.cpp">
      <Filter>Source Files\gen</Filter>
    </ClCompile>
    <ClCompile Include="..\..\src\gen\convex_polygon_shape2d.cpp">
      <Filter>Source Files\gen</Filter>
    </ClCompile>
    <ClCompile Include="..\..\src\gen\cpuparticles.cpp">
      <Filter>Source Files\gen</Filter>
    </ClCompile>
    <ClCompile Include="..\..\src\gen\cpuparticles2d.cpp">
      <Filter>Source Files\gen</Filter>
    </ClCompile>
    <ClCompile Include="..\..\src\gen\crypto.cpp">
      <Filter>Source Files\gen</Filter>
    </ClCompile>
    <ClCompile Include="..\..\src\gen\crypto_key.cpp">
      <Filter>Source Files\gen</Filter>
    </ClCompile>
    <ClCompile Include="..\..\src\gen\csgbox.cpp">
      <Filter>Source Files\gen</Filter>
    </ClCompile>
    <ClCompile Include="..\..\src\gen\csgcombiner.cpp">
      <Filter>Source Files\gen</Filter>
    </ClCompile>
    <ClCompile Include="..\..\src\gen\csgcylinder.cpp">
      <Filter>Source Files\gen</Filter>
    </ClCompile>
    <ClCompile Include="..\..\src\gen\csgmesh.cpp">
      <Filter>Source Files\gen</Filter>
    </ClCompile>
    <ClCompile Include="..\..\src\gen\csgpolygon.cpp">
      <Filter>Source Files\gen</Filter>
    </ClCompile>
    <ClCompile Include="..\..\src\gen\csgprimitive.cpp">
      <Filter>Source Files\gen</Filter>
    </ClCompile>
    <ClCompile Include="..\..\src\gen\csgshape.cpp">
      <Filter>Source Files\gen</Filter>
    </ClCompile>
    <ClCompile Include="..\..\src\gen\csgsphere.cpp">
      <Filter>Source Files\gen</Filter>
    </ClCompile>
    <ClCompile Include="..\..\src\gen\csgtorus.cpp">
      <Filter>Source Files\gen</Filter>
    </ClCompile>
    <ClCompile Include="..\..\src\gen\cube_map.cpp">
      <Filter>Source Files\gen</Filter>
    </ClCompile>
    <ClCompile Include="..\..\src\gen\cube_mesh.cpp">
      <Filter>Source Files\gen</Filter>
    </ClCompile>
    <ClCompile Include="..\..\src\gen\cull_instance.cpp">
      <Filter>Source Files\gen</Filter>
    </ClCompile>
    <ClCompile Include="..\..\src\gen\curve.cpp">
      <Filter>Source Files\gen</Filter>
    </ClCompile>
    <ClCompile Include="..\..\src\gen\curve_texture.cpp">
      <Filter>Source Files\gen</Filter>
    </ClCompile>
    <ClCompile Include="..\..\src\gen\curve2d.cpp">
      <Filter>Source Files\gen</Filter>
    </ClCompile>
    <ClCompile Include="..\..\src\gen\curve3d.cpp">
      <Filter>Source Files\gen</Filter>
    </ClCompile>
    <ClCompile Include="..\..\src\gen\cylinder_mesh.cpp">
      <Filter>Source Files\gen</Filter>
    </ClCompile>
    <ClCompile Include="..\..\src\gen\cylinder_shape.cpp">
      <Filter>Source Files\gen</Filter>
    </ClCompile>
    <ClCompile Include="..\..\src\gen\damped_spring_joint2d.cpp">
      <Filter>Source Files\gen</Filter>
    </ClCompile>
    <ClCompile Include="..\..\src\gen\directional_light.cpp">
      <Filter>Source Files\gen</Filter>
    </ClCompile>
    <ClCompile Include="..\..\src\gen\directory.cpp">
      <Filter>Source Files\gen</Filter>
    </ClCompile>
    <ClCompile Include="..\..\src\gen\dtlsserver.cpp">
      <Filter>Source Files\gen</Filter>
    </ClCompile>
    <ClCompile Include="..\..\src\gen\dynamic_font.cpp">
      <Filter>Source Files\gen</Filter>
    </ClCompile>
    <ClCompile Include="..\..\src\gen\dynamic_font_data.cpp">
      <Filter>Source Files\gen</Filter>
    </ClCompile>
    <ClCompile Include="..\..\src\gen\editor_export_plugin.cpp">
      <Filter>Source Files\gen</Filter>
    </ClCompile>
    <ClCompile Include="..\..\src\gen\editor_feature_profile.cpp">
      <Filter>Source Files\gen</Filter>
    </ClCompile>
    <ClCompile Include="..\..\src\gen\editor_file_dialog.cpp">
      <Filter>Source Files\gen</Filter>
    </ClCompile>
    <ClCompile Include="..\..\src\gen\editor_file_system.cpp">
      <Filter>Source Files\gen</Filter>
    </ClCompile>
    <ClCompile Include="..\..\src\gen\editor_file_system_directory.cpp">
      <Filter>Source Files\gen</Filter>
    </ClCompile>
    <ClCompile Include="..\..\src\gen\editor_import_plugin.cpp">
      <Filter>Source Files\gen</Filter>
    </ClCompile>
    <ClCompile Include="..\..\src\gen\editor_inspector.cpp">
      <Filter>Source Files\gen</Filter>
    </ClCompile>
    <ClCompile Include="..\..\src\gen\editor_inspector_plugin.cpp">
      <Filter>Source Files\gen</Filter>
    </ClCompile>
    <ClCompile Include="..\..\src\gen\editor_interface.cpp">
      <Filter>Source Files\gen</Filter>
    </ClCompile>
    <ClCompile Include="..\..\src\gen\editor_plugin.cpp">
      <Filter>Source Files\gen</Filter>
    </ClCompile>
    <ClCompile Include="..\..\src\gen\editor_property.cpp">
      <Filter>Source Files\gen</Filter>
    </ClCompile>
    <ClCompile Include="..\..\src\gen\editor_resource_conversion_plugin.cpp">
      <Filter>Source Files\gen</Filter>
    </ClCompile>
    <ClCompile Include="..\..\src\gen\editor_resource_picker.cpp">
      <Filter>Source Files\gen</Filter>
    </ClCompile>
    <ClCompile Include="..\..\src\gen\editor_resource_preview.cpp">
      <Filter>Source Files\gen</Filter>
    </ClCompile>
    <ClCompile Include="..\..\src\gen\editor_resource_preview_generator.cpp">
      <Filter>Source Files\gen</Filter>
    </ClCompile>
    <ClCompile Include="..\..\src\gen\editor_scene_importer.cpp">
      <Filter>Source Files\gen</Filter>
    </ClCompile>
    <ClCompile Include="..\..\src\gen\editor_scene_importer_fbx.cpp">
      <Filter>Source Files\gen</Filter>
    </ClCompile>
    <ClCompile Include="..\..\src\gen\editor_scene_importer_gltf.cpp">
      <Filter>Source Files\gen</Filter>
    </ClCompile>
    <ClCompile Include="..\..\src\gen\editor_scene_post_import.cpp">
      <Filter>Source Files\gen</Filter>
    </ClCompile>
    <ClCompile Include="..\..\src\gen\editor_script.cpp">
      <Filter>Source Files\gen</Filter>
    </ClCompile>
    <ClCompile Include="..\..\src\gen\editor_script_picker.cpp">
      <Filter>Source Files\gen</Filter>
    </ClCompile>
    <ClCompile Include="..\..\src\gen\editor_selection.cpp">
      <Filter>Source Files\gen</Filter>
    </ClCompile>
    <ClCompile Include="..\..\src\gen\editor_settings.cpp">
      <Filter>Source Files\gen</Filter>
    </ClCompile>
    <ClCompile Include="..\..\src\gen\editor_spatial_gizmo.cpp">
      <Filter>Source Files\gen</Filter>
    </ClCompile>
    <ClCompile Include="..\..\src\gen\editor_spatial_gizmo_plugin.cpp">
      <Filter>Source Files\gen</Filter>
    </ClCompile>
    <ClCompile Include="..\..\src\gen\editor_spin_slider.cpp">
      <Filter>Source Files\gen</Filter>
    </ClCompile>
    <ClCompile Include="..\..\src\gen\editor_vcsinterface.cpp">
      <Filter>Source Files\gen</Filter>
    </ClCompile>
    <ClCompile Include="..\..\src\gen\encoded_object_as_id.cpp">
      <Filter>Source Files\gen</Filter>
    </ClCompile>
    <ClCompile Include="..\..\src\gen\engine.cpp">
      <Filter>Source Files\gen</Filter>
    </ClCompile>
    <ClCompile Include="..\..\src\gen\environment.cpp">
      <Filter>Source Files\gen</Filter>
    </ClCompile>
    <ClCompile Include="..\..\src\gen\expression.cpp">
      <Filter>Source Files\gen</Filter>
    </ClCompile>
    <ClCompile Include="..\..\src\gen\external_texture.cpp">
      <Filter>Source Files\gen</Filter>
    </ClCompile>
    <ClCompile Include="..\..\src\gen\file.cpp">
      <Filter>Source Files\gen</Filter>
    </ClCompile>
    <ClCompile Include="..\..\src\gen\file_dialog.cpp">
      <Filter>Source Files\gen</Filter>
    </ClCompile>
    <ClCompile Include="..\..\src\gen\file_system_dock.cpp">
      <Filter>Source Files\gen</Filter>
    </ClCompile>
    <ClCompile Include="..\..\src\gen\flow_container.cpp">
      <Filter>Source Files\gen</Filter>
    </ClCompile>
    <ClCompile Include="..\..\src\gen\font.cpp">
      <Filter>Source Files\gen</Filter>
    </ClCompile>
    <ClCompile Include="..\..\src\gen\func_ref.cpp">
      <Filter>Source Files\gen</Filter>
    </ClCompile>
    <ClCompile Include="..\..\src\gen\gdnative.cpp">
      <Filter>Source Files\gen</Filter>
    </ClCompile>
    <ClCompile Include="..\..\src\gen\gdnative_library.cpp">
      <Filter>Source Files\gen</Filter>
    </ClCompile>
    <ClCompile Include="..\..\src\gen\gdscript.cpp">
      <Filter>Source Files\gen</Filter>
    </ClCompile>
    <ClCompile Include="..\..\src\gen\gdscript_function_state.cpp">
      <Filter>Source Files\gen</Filter>
    </ClCompile>
    <ClCompile Include="..\..\src\gen\generic6_dofjoint.cpp">
      <Filter>Source Files\gen</Filter>
    </ClCompile>
    <ClCompile Include="..\..\src\gen\geometry.cpp">
      <Filter>Source Files\gen</Filter>
    </ClCompile>
    <ClCompile Include="..\..\src\gen\geometry_instance.cpp">
      <Filter>Source Files\gen</Filter>
    </ClCompile>
    <ClCompile Include="..\..\src\gen\giprobe.cpp">
      <Filter>Source Files\gen</Filter>
    </ClCompile>
    <ClCompile Include="..\..\src\gen\giprobe_data.cpp">
      <Filter>Source Files\gen</Filter>
    </ClCompile>
    <ClCompile Include="..\..\src\gen\global_constants.cpp">
      <Filter>Source Files\gen</Filter>
    </ClCompile>
    <ClCompile Include="..\..\src\gen\gltfaccessor.cpp">
      <Filter>Source Files\gen</Filter>
    </ClCompile>
    <ClCompile Include="..\..\src\gen\gltfanimation.cpp">
      <Filter>Source Files\gen</Filter>
    </ClCompile>
    <ClCompile Include="..\..\src\gen\gltfbuffer_view.cpp">
      <Filter>Source Files\gen</Filter>
    </ClCompile>
    <ClCompile Include="..\..\src\gen\gltfcamera.cpp">
      <Filter>Source Files\gen</Filter>
    </ClCompile>
    <ClCompile Include="..\..\src\gen\gltfdocument.cpp">
      <Filter>Source Files\gen</Filter>
    </ClCompile>
    <ClCompile Include="..\..\src\gen\gltflight.cpp">
      <Filter>Source Files\gen</Filter>
    </ClCompile>
    <ClCompile Include="..\..\src\gen\gltfmesh.cpp">
      <Filter>Source Files\gen</Filter>
    </ClCompile>
    <ClCompile Include="..\..\src\gen\gltfnode.cpp">
      <Filter>Source Files\gen</Filter>
    </ClCompile>
    <ClCompile Include="..\..\src\gen\gltfskeleton.cpp">
      <Filter>Source Files\gen</Filter>
    </ClCompile>
    <ClCompile Include="..\..\src\gen\gltfskin.cpp">
      <Filter>Source Files\gen</Filter>
    </ClCompile>
    <ClCompile Include="..\..\src\gen\gltfspec_gloss.cpp">
      <Filter>Source Files\gen</Filter>
    </ClCompile>
    <ClCompile Include="..\..\src\gen\gltfstate.cpp">
      <Filter>Source Files\gen</Filter>
    </ClCompile>
    <ClCompile Include="..\..\src\gen\gltftexture.cpp">
      <Filter>Source Files\gen</Filter>
    </ClCompile>
    <ClCompile Include="..\..\src\gen\gradient.cpp">
      <Filter>Source Files\gen</Filter>
    </ClCompile>
    <ClCompile Include="..\..\src\gen\gradient_texture.cpp">
      <Filter>Source Files\gen</Filter>
    </ClCompile>
    <ClCompile Include="..\..\src\gen\gradient_texture2d.cpp">
      <Filter>Source Files\gen</Filter>
    </ClCompile>
    <ClCompile Include="..\..\src\gen\graph_edit.cpp">
      <Filter>Source Files\gen</Filter>
    </ClCompile>
    <ClCompile Include="..\..\src\gen\graph_node.cpp">
      <Filter>Source Files\gen</Filter>
    </ClCompile>
    <ClCompile Include="..\..\src\gen\grid_container.cpp">
      <Filter>Source Files\gen</Filter>
    </ClCompile>
    <ClCompile Include="..\..\src\gen\grid_map.cpp">
      <Filter>Source Files\gen</Filter>
    </ClCompile>
    <ClCompile Include="..\..\src\gen\groove_joint2d.cpp">
      <Filter>Source Files\gen</Filter>
    </ClCompile>
    <ClCompile Include="..\..\src\gen\hashing_context.cpp">
      <Filter>Source Files\gen</Filter>
    </ClCompile>
    <ClCompile Include="..\..\src\gen\hbox_container.cpp">
      <Filter>Source Files\gen</Filter>
    </ClCompile>
    <ClCompile Include="..\..\src\gen\height_map_shape.cpp">
      <Filter>Source Files\gen</Filter>
    </ClCompile>
    <ClCompile Include="..\..\src\gen\hflow_container.cpp">
      <Filter>Source Files\gen</Filter>
    </ClCompile>
    <ClCompile Include="..\..\src\gen\hinge_joint.cpp">
      <Filter>Source Files\gen</Filter>
    </ClCompile>
    <ClCompile Include="..\..\src\gen\hmaccontext.cpp">
      <Filter>Source Files\gen</Filter>
    </ClCompile>
    <ClCompile Include="..\..\src\gen\hscroll_bar.cpp">
      <Filter>Source Files\gen</Filter>
    </ClCompile>
    <ClCompile Include="..\..\src\gen\hseparator.cpp">
      <Filter>Source Files\gen</Filter>
    </ClCompile>
    <ClCompile Include="..\..\src\gen\hslider.cpp">
      <Filter>Source Files\gen</Filter>
    </ClCompile>
    <ClCompile Include="..\..\src\gen\hsplit_container.cpp">
      <Filter>Source Files\gen</Filter>
    </ClCompile>
    <ClCompile Include="..\..\src\gen\httpclient.cpp">
      <Filter>Source Files\gen</Filter>
    </ClCompile>
    <ClCompile Include="..\..\src\gen\httprequest.cpp">
      <Filter>Source Files\gen</Filter>
    </ClCompile>
    <ClCompile Include="..\..\src\gen\image.cpp">
      <Filter>Source Files\gen</Filter>
    </ClCompile>
    <ClCompile Include="..\..\src\gen\image_texture.cpp">
      <Filter>Source Files\gen</Filter>
    </ClCompile>
    <ClCompile Include="..\..\src\gen\immediate_geometry.cpp">
      <Filter>Source Files\gen</Filter>
    </ClCompile>
    <ClCompile Include="..\..\src\gen\input.cpp">
      <Filter>Source Files\gen</Filter>
    </ClCompile>
    <ClCompile Include="..\..\src\gen\input_default.cpp">
      <Filter>Source Files\gen</Filter>
    </ClCompile>
    <ClCompile Include="..\..\src\gen\input_event.cpp">
      <Filter>Source Files\gen</Filter>
    </ClCompile>
    <ClCompile Include="..\..\src\gen\input_event_action.cpp">
      <Filter>Source Files\gen</Filter>
    </ClCompile>
    <ClCompile Include="..\..\src\gen\input_event_gesture.cpp">
      <Filter>Source Files\gen</Filter>
    </ClCompile>
    <ClCompile Include="..\..\src\gen\input_event_joypad_button.cpp">
      <Filter>Source Files\gen</Filter>
    </ClCompile>
    <ClCompile Include="..\..\src\gen\input_event_joypad_motion.cpp">
      <Filter>Source Files\gen</Filter>
    </ClCompile>
    <ClCompile Include="..\..\src\gen\input_event_key.cpp">
      <Filter>Source Files\gen</Filter>
    </ClCompile>
    <ClCompile Include="..\..\src\gen\input_event_magnify_gesture.cpp">
      <Filter>Source Files\gen</Filter>
    </ClCompile>
    <ClCompile Include="..\..\src\gen\input_event_midi.cpp">
      <Filter>Source Files\gen</Filter>
    </ClCompile>
    <ClCompile Include="..\..\src\gen\input_event_mouse.cpp">
      <Filter>Source Files\gen</Filter>
    </ClCompile>
    <ClCompile Include="..\..\src\gen\input_event_mouse_button.cpp">
      <Filter>Source Files\gen</Filter>
    </ClCompile>
    <ClCompile Include="..\..\src\gen\input_event_mouse_motion.cpp">
      <Filter>Source Files\gen</Filter>
    </ClCompile>
    <ClCompile Include="..\..\src\gen\input_event_pan_gesture.cpp">
      <Filter>Source Files\gen</Filter>
    </ClCompile>
    <ClCompile Include="..\..\src\gen\input_event_screen_drag.cpp">
      <Filter>Source Files\gen</Filter>
    </ClCompile>
    <ClCompile Include="..\..\src\gen\input_event_screen_touch.cpp">
      <Filter>Source Files\gen</Filter>
    </ClCompile>
    <ClCompile Include="..\..\src\gen\input_event_with_modifiers.cpp">
      <Filter>Source Files\gen</Filter>
    </ClCompile>
    <ClCompile Include="..\..\src\gen\input_map.cpp">
      <Filter>Source Files\gen</Filter>
    </ClCompile>
    <ClCompile Include="..\..\src\gen\instance_placeholder.cpp">
      <Filter>Source Files\gen</Filter>
    </ClCompile>
    <ClCompile Include="..\..\src\gen\interpolated_camera.cpp">
      <Filter>Source Files\gen</Filter>
    </ClCompile>
    <ClCompile Include="..\..\src\gen\interval_tweener.cpp">
      <Filter>Source Files\gen</Filter>
    </ClCompile>
    <ClCompile Include="..\..\src\gen\ip.cpp">
      <Filter>Source Files\gen</Filter>
    </ClCompile>
    <ClCompile Include="..\..\src\gen\ip_Unix.cpp">
      <Filter>Source Files\gen</Filter>
    </ClCompile>
    <ClCompile Include="..\..\src\gen\item_list.cpp">
      <Filter>Source Files\gen</Filter>
    </ClCompile>
    <ClCompile Include="..\..\src\gen\java_class.cpp">
      <Filter>Source Files\gen</Filter>
    </ClCompile>
    <ClCompile Include="..\..\src\gen\java_class_wrapper.cpp">
      <Filter>Source Files\gen</Filter>
    </ClCompile>
    <ClCompile Include="..\..\src\gen\java_script.cpp">
      <Filter>Source Files\gen</Filter>
    </ClCompile>
    <ClCompile Include="..\..\src\gen\java_script_object.cpp">
      <Filter>Source Files\gen</Filter>
    </ClCompile>
    <ClCompile Include="..\..\src\gen\jnisingleton.cpp">
      <Filter>Source Files\gen</Filter>
    </ClCompile>
    <ClCompile Include="..\..\src\gen\joint.cpp">
      <Filter>Source Files\gen</Filter>
    </ClCompile>
    <ClCompile Include="..\..\src\gen\joint2d.cpp">
      <Filter>Source Files\gen</Filter>
    </ClCompile>
    <ClCompile Include="..\..\src\gen\json.cpp">
      <Filter>Source Files\gen</Filter>
    </ClCompile>
    <ClCompile Include="..\..\src\gen\jsonparse_result.cpp">
      <Filter>Source Files\gen</Filter>
    </ClCompile>
    <ClCompile Include="..\..\src\gen\jsonrpc.cpp">
      <Filter>Source Files\gen</Filter>
    </ClCompile>
    <ClCompile Include="..\..\src\gen\kinematic_body.cpp">
      <Filter>Source Files\gen</Filter>
    </ClCompile>
    <ClCompile Include="..\..\src\gen\kinematic_body2d.cpp">
      <Filter>Source Files\gen</Filter>
    </ClCompile>
    <ClCompile Include="..\..\src\gen\kinematic_collision.cpp">
      <Filter>Source Files\gen</Filter>
    </ClCompile>
    <ClCompile Include="..\..\src\gen\kinematic_collision2d.cpp">
      <Filter>Source Files\gen</Filter>
    </ClCompile>
    <ClCompile Include="..\..\src\gen\label.cpp">
      <Filter>Source Files\gen</Filter>
    </ClCompile>
    <ClCompile Include="..\..\src\gen\label3d.cpp">
      <Filter>Source Files\gen</Filter>
    </ClCompile>
    <ClCompile Include="..\..\src\gen\large_texture.cpp">
      <Filter>Source Files\gen</Filter>
    </ClCompile>
    <ClCompile Include="..\..\src\gen\light.cpp">
      <Filter>Source Files\gen</Filter>
    </ClCompile>
    <ClCompile Include="..\..\src\gen\light_occluder2d.cpp">
      <Filter>Source Files\gen</Filter>
    </ClCompile>
    <ClCompile Include="..\..\src\gen\light2d.cpp">
      <Filter>Source Files\gen</Filter>
    </ClCompile>
    <ClCompile Include="..\..\src\gen\line_edit.cpp">
      <Filter>Source Files\gen</Filter>
    </ClCompile>
    <ClCompile Include="..\..\src\gen\line_shape2d.cpp">
      <Filter>Source Files\gen</Filter>
    </ClCompile>
    <ClCompile Include="..\..\src\gen\line2d.cpp">
      <Filter>Source Files\gen</Filter>
    </ClCompile>
    <ClCompile Include="..\..\src\gen\link_button.cpp">
      <Filter>Source Files\gen</Filter>
    </ClCompile>
    <ClCompile Include="..\..\src\gen\listener.cpp">
      <Filter>Source Files\gen</Filter>
    </ClCompile>
    <ClCompile Include="..\..\src\gen\listener2d.cpp">
      <Filter>Source Files\gen</Filter>
    </ClCompile>
    <ClCompile Include="..\..\src\gen\main_loop.cpp">
      <Filter>Source Files\gen</Filter>
    </ClCompile>
    <ClCompile Include="..\..\src\gen\margin_container.cpp">
      <Filter>Source Files\gen</Filter>
    </ClCompile>
    <ClCompile Include="..\..\src\gen\marshalls.cpp">
      <Filter>Source Files\gen</Filter>
    </ClCompile>
    <ClCompile Include="..\..\src\gen\material.cpp">
      <Filter>Source Files\gen</Filter>
    </ClCompile>
    <ClCompile Include="..\..\src\gen\menu_button.cpp">
      <Filter>Source Files\gen</Filter>
    </ClCompile>
    <ClCompile Include="..\..\src\gen\mesh.cpp">
      <Filter>Source Files\gen</Filter>
    </ClCompile>
    <ClCompile Include="..\..\src\gen\mesh_data_tool.cpp">
      <Filter>Source Files\gen</Filter>
    </ClCompile>
    <ClCompile Include="..\..\src\gen\mesh_instance.cpp">
      <Filter>Source Files\gen</Filter>
    </ClCompile>
    <ClCompile Include="..\..\src\gen\mesh_instance2d.cpp">
      <Filter>Source Files\gen</Filter>
    </ClCompile>
    <ClCompile Include="..\..\src\gen\mesh_library.cpp">
      <Filter>Source Files\gen</Filter>
    </ClCompile>
    <ClCompile Include="..\..\src\gen\mesh_texture.cpp">
      <Filter>Source Files\gen</Filter>
    </ClCompile>
    <ClCompile Include="..\..\src\gen\method_tweener.cpp">
      <Filter>Source Files\gen</Filter>
    </ClCompile>
    <ClCompile Include="..\..\src\gen\mobile_vrinterface.cpp">
      <Filter>Source Files\gen</Filter>
    </ClCompile>
    <ClCompile Include="..\..\src\gen\multi_mesh.cpp">
      <Filter>Source Files\gen</Filter>
    </ClCompile>
    <ClCompile Include="..\..\src\gen\multi_mesh_instance.cpp">
      <Filter>Source Files\gen</Filter>
    </ClCompile>
    <ClCompile Include="..\..\src\gen\multi_mesh_instance2d.cpp">
      <Filter>Source Files\gen</Filter>
    </ClCompile>
    <ClCompile Include="..\..\src\gen\multiplayer_api.cpp">
      <Filter>Source Files\gen</Filter>
    </ClCompile>
    <ClCompile Include="..\..\src\gen\multiplayer_peer_gdnative.cpp">
      <Filter>Source Files\gen</Filter>
    </ClCompile>
    <ClCompile Include="..\..\src\gen\mutex.cpp">
      <Filter>Source Files\gen</Filter>
    </ClCompile>
    <ClCompile Include="..\..\src\gen\native_script.cpp">
      <Filter>Source Files\gen</Filter>
    </ClCompile>
    <ClCompile Include="..\..\src\gen\navigation.cpp">
      <Filter>Source Files\gen</Filter>
    </ClCompile>
    <ClCompile Include="..\..\src\gen\navigation_agent.cpp">
      <Filter>Source Files\gen</Filter>
    </ClCompile>
    <ClCompile Include="..\..\src\gen\navigation_agent2d.cpp">
      <Filter>Source Files\gen</Filter>
    </ClCompile>
    <ClCompile Include="..\..\src\gen\navigation_mesh.cpp">
      <Filter>Source Files\gen</Filter>
    </ClCompile>
    <ClCompile Include="..\..\src\gen\navigation_mesh_generator.cpp">
      <Filter>Source Files\gen</Filter>
    </ClCompile>
    <ClCompile Include="..\..\src\gen\navigation_mesh_instance.cpp">
      <Filter>Source Files\gen</Filter>
    </ClCompile>
    <ClCompile Include="..\..\src\gen\navigation_obstacle.cpp">
      <Filter>Source Files\gen</Filter>
    </ClCompile>
    <ClCompile Include="..\..\src\gen\navigation_obstacle2d.cpp">
      <Filter>Source Files\gen</Filter>
    </ClCompile>
    <ClCompile Include="..\..\src\gen\navigation_polygon.cpp">
      <Filter>Source Files\gen</Filter>
    </ClCompile>
    <ClCompile Include="..\..\src\gen\navigation_polygon_instance.cpp">
      <Filter>Source Files\gen</Filter>
    </ClCompile>
    <ClCompile Include="..\..\src\gen\navigation_server.cpp">
      <Filter>Source Files\gen</Filter>
    </ClCompile>
    <ClCompile Include="..\..\src\gen\navigation2_dserver.cpp">
      <Filter>Source Files\gen</Filter>
    </ClCompile>
    <ClCompile Include="..\..\src\gen\navigation2d.cpp">
      <Filter>Source Files\gen</Filter>
    </ClCompile>
    <ClCompile Include="..\..\src\gen\networked_multiplayer_custom.cpp">
      <Filter>Source Files\gen</Filter>
    </ClCompile>
    <ClCompile Include="..\..\src\gen\networked_multiplayer_enet.cpp">
      <Filter>Source Files\gen</Filter>
    </ClCompile>
    <ClCompile Include="..\..\src\gen\networked_multiplayer_peer.cpp">
      <Filter>Source Files\gen</Filter>
    </ClCompile>
    <ClCompile Include="..\..\src\gen\nine_patch_rect.cpp">
      <Filter>Source Files\gen</Filter>
    </ClCompile>
    <ClCompile Include="..\..\src\gen\node.cpp">
      <Filter>Source Files\gen</Filter>
    </ClCompile>
    <ClCompile Include="..\..\src\gen\node2d.cpp">
      <Filter>Source Files\gen</Filter>
    </ClCompile>
    <ClCompile Include="..\..\src\gen\noise_texture.cpp">
      <Filter>Source Files\gen</Filter>
    </ClCompile>
    <ClCompile Include="..\..\src\gen\object.cpp">
      <Filter>Source Files\gen</Filter>
    </ClCompile>
    <ClCompile Include="..\..\src\gen\occluder.cpp">
      <Filter>Source Files\gen</Filter>
    </ClCompile>
    <ClCompile Include="..\..\src\gen\occluder_polygon2d.cpp">
      <Filter>Source Files\gen</Filter>
    </ClCompile>
    <ClCompile Include="..\..\src\gen\occluder_shape.cpp">
      <Filter>Source Files\gen</Filter>
    </ClCompile>
    <ClCompile Include="..\..\src\gen\occluder_shape_polygon.cpp">
      <Filter>Source Files\gen</Filter>
    </ClCompile>
    <ClCompile Include="..\..\src\gen\occluder_shape_sphere.cpp">
      <Filter>Source Files\gen</Filter>
    </ClCompile>
    <ClCompile Include="..\..\src\gen\omni_light.cpp">
      <Filter>Source Files\gen</Filter>
    </ClCompile>
    <ClCompile Include="..\..\src\gen\open_simplex_noise.cpp">
      <Filter>Source Files\gen</Filter>
    </ClCompile>
    <ClCompile Include="..\..\src\gen\option_button.cpp">
      <Filter>Source Files\gen</Filter>
    </ClCompile>
    <ClCompile Include="..\..\src\gen\os.cpp">
      <Filter>Source Files\gen</Filter>
    </ClCompile>
    <ClCompile Include="..\..\src\gen\packed_data_container.cpp">
      <Filter>Source Files\gen</Filter>
    </ClCompile>
    <ClCompile Include="..\..\src\gen\packed_data_container_ref.cpp">
      <Filter>Source Files\gen</Filter>
    </ClCompile>
    <ClCompile Include="..\..\src\gen\packed_scene.cpp">
      <Filter>Source Files\gen</Filter>
    </ClCompile>
    <ClCompile Include="..\..\src\gen\packed_scene_gltf.cpp">
      <Filter>Source Files\gen</Filter>
    </ClCompile>
    <ClCompile Include="..\..\src\gen\packet_peer.cpp">
      <Filter>Source Files\gen</Filter>
    </ClCompile>
    <ClCompile Include="..\..\src\gen\packet_peer_dtls.cpp">
      <Filter>Source Files\gen</Filter>
    </ClCompile>
    <ClCompile Include="..\..\src\gen\packet_peer_gdnative.cpp">
      <Filter>Source Files\gen</Filter>
    </ClCompile>
    <ClCompile Include="..\..\src\gen\packet_peer_stream.cpp">
      <Filter>Source Files\gen</Filter>
    </ClCompile>
    <ClCompile Include="..\..\src\gen\packet_peer_udp.cpp">
      <Filter>Source Files\gen</Filter>
    </ClCompile>
    <ClCompile Include="..\..\src\gen\panel.cpp">
      <Filter>Source Files\gen</Filter>
    </ClCompile>
    <ClCompile Include="..\..\src\gen\panel_container.cpp">
      <Filter>Source Files\gen</Filter>
    </ClCompile>
    <ClCompile Include="..\..\src\gen\panorama_sky.cpp">
      <Filter>Source Files\gen</Filter>
    </ClCompile>
    <ClCompile Include="..\..\src\gen\parallax_background.cpp">
      <Filter>Source Files\gen</Filter>
    </ClCompile>
    <ClCompile Include="..\..\src\gen\parallax_layer.cpp">
      <Filter>Source Files\gen</Filter>
    </ClCompile>
    <ClCompile Include="..\..\src\gen\particles.cpp">
      <Filter>Source Files\gen</Filter>
    </ClCompile>
    <ClCompile Include="..\..\src\gen\particles_material.cpp">
      <Filter>Source Files\gen</Filter>
    </ClCompile>
    <ClCompile Include="..\..\src\gen\particles2d.cpp">
      <Filter>Source Files\gen</Filter>
    </ClCompile>
    <ClCompile Include="..\..\src\gen\path.cpp">
      <Filter>Source Files\gen</Filter>
    </ClCompile>
    <ClCompile Include="..\..\src\gen\path_follow.cpp">
      <Filter>Source Files\gen</Filter>
    </ClCompile>
    <ClCompile Include="..\..\src\gen\path_follow2d.cpp">
      <Filter>Source Files\gen</Filter>
    </ClCompile>
    <ClCompile Include="..\..\src\gen\path2d.cpp">
      <Filter>Source Files\gen</Filter>
    </ClCompile>
    <ClCompile Include="..\..\src\gen\pckpacker.cpp">
      <Filter>Source Files\gen</Filter>
    </ClCompile>
    <ClCompile Include="..\..\src\gen\performance.cpp">
      <Filter>Source Files\gen</Filter>
    </ClCompile>
    <ClCompile Include="..\..\src\gen\phash_translation.cpp">
      <Filter>Source Files\gen</Filter>
    </ClCompile>
    <ClCompile Include="..\..\src\gen\physical_bone.cpp">
      <Filter>Source Files\gen</Filter>
    </ClCompile>
    <ClCompile Include="..\..\src\gen\physics_body.cpp">
      <Filter>Source Files\gen</Filter>
    </ClCompile>
    <ClCompile Include="..\..\src\gen\physics_body2d.cpp">
      <Filter>Source Files\gen</Filter>
    </ClCompile>
    <ClCompile Include="..\..\src\gen\physics_direct_body_state.cpp">
      <Filter>Source Files\gen</Filter>
    </ClCompile>
    <ClCompile Include="..\..\src\gen\physics_direct_space_state.cpp">
      <Filter>Source Files\gen</Filter>
    </ClCompile>
    <ClCompile Include="..\..\src\gen\physics_material.cpp">
      <Filter>Source Files\gen</Filter>
    </ClCompile>
    <ClCompile Include="..\..\src\gen\physics_server.cpp">
      <Filter>Source Files\gen</Filter>
    </ClCompile>
    <ClCompile Include="..\..\src\gen\physics_shape_query_parameters.cpp">
      <Filter>Source Files\gen</Filter>
    </ClCompile>
    <ClCompile Include="..\..\src\gen\physics_test_motion_result.cpp">
      <Filter>Source Files\gen</Filter>
    </ClCompile>
    <ClCompile Include="..\..\src\gen\physics2_ddirect_body_state.cpp">
      <Filter>Source Files\gen</Filter>
    </ClCompile>
    <ClCompile Include="..\..\src\gen\physics2_ddirect_space_state.cpp">
      <Filter>Source Files\gen</Filter>
    </ClCompile>
    <ClCompile Include="..\..\src\gen\physics2_dserver.cpp">
      <Filter>Source Files\gen</Filter>
    </ClCompile>
    <ClCompile Include="..\..\src\gen\physics2_dserver_sw.cpp">
      <Filter>Source Files\gen</Filter>
    </ClCompile>
    <ClCompile Include="..\..\src\gen\physics2_dshape_query_parameters.cpp">
      <Filter>Source Files\gen</Filter>
    </ClCompile>
    <ClCompile Include="..\..\src\gen\physics2_dtest_motion_result.cpp">
      <Filter>Source Files\gen</Filter>
    </ClCompile>
    <ClCompile Include="..\..\src\gen\pin_joint.cpp">
      <Filter>Source Files\gen</Filter>
    </ClCompile>
    <ClCompile Include="..\..\src\gen\pin_joint2d.cpp">
      <Filter>Source Files\gen</Filter>
    </ClCompile>
    <ClCompile Include="..\..\src\gen\plane_mesh.cpp">
      <Filter>Source Files\gen</Filter>
    </ClCompile>
    <ClCompile Include="..\..\src\gen\plane_shape.cpp">
      <Filter>Source Files\gen</Filter>
    </ClCompile>
    <ClCompile Include="..\..\src\gen\plugin_script.cpp">
      <Filter>Source Files\gen</Filter>
    </ClCompile>
    <ClCompile Include="..\..\src\gen\point_mesh.cpp">
      <Filter>Source Files\gen</Filter>
    </ClCompile>
    <ClCompile Include="..\..\src\gen\polygon_path_finder.cpp">
      <Filter>Source Files\gen</Filter>
    </ClCompile>
    <ClCompile Include="..\..\src\gen\polygon2d.cpp">
      <Filter>Source Files\gen</Filter>
    </ClCompile>
    <ClCompile Include="..\..\src\gen\popup.cpp">
      <Filter>Source Files\gen</Filter>
    </ClCompile>
    <ClCompile Include="..\..\src\gen\popup_dialog.cpp">
      <Filter>Source Files\gen</Filter>
    </ClCompile>
    <ClCompile Include="..\..\src\gen\popup_menu.cpp">
      <Filter>Source Files\gen</Filter>
    </ClCompile>
    <ClCompile Include="..\..\src\gen\popup_panel.cpp">
      <Filter>Source Files\gen</Filter>
    </ClCompile>
    <ClCompile Include="..\..\src\gen\portal.cpp">
      <Filter>Source Files\gen</Filter>
    </ClCompile>
    <ClCompile Include="..\..\src\gen\position2d.cpp">
      <Filter>Source Files\gen</Filter>
    </ClCompile>
    <ClCompile Include="..\..\src\gen\position3d.cpp">
      <Filter>Source Files\gen</Filter>
    </ClCompile>
    <ClCompile Include="..\..\src\gen\primitive_mesh.cpp">
      <Filter>Source Files\gen</Filter>
    </ClCompile>
    <ClCompile Include="..\..\src\gen\prism_mesh.cpp">
      <Filter>Source Files\gen</Filter>
    </ClCompile>
    <ClCompile Include="..\..\src\gen\procedural_sky.cpp">
      <Filter>Source Files\gen</Filter>
    </ClCompile>
    <ClCompile Include="..\..\src\gen\progress_bar.cpp">
      <Filter>Source Files\gen</Filter>
    </ClCompile>
    <ClCompile Include="..\..\src\gen\project_settings.cpp">
      <Filter>Source Files\gen</Filter>
    </ClCompile>
    <ClCompile Include="..\..\src\gen\property_tweener.cpp">
      <Filter>Source Files\gen</Filter>
    </ClCompile>
    <ClCompile Include="..\..\src\gen\proximity_group.cpp">
      <Filter>Source Files\gen</Filter>
    </ClCompile>
    <ClCompile Include="..\..\src\gen\proxy_texture.cpp">
      <Filter>Source Files\gen</Filter>
    </ClCompile>
    <ClCompile Include="..\..\src\gen\quad_mesh.cpp">
      <Filter>Source Files\gen</Filter>
    </ClCompile>
    <ClCompile Include="..\..\src\gen\random_number_generator.cpp">
      <Filter>Source Files\gen</Filter>
    </ClCompile>
    <ClCompile Include="..\..\src\gen\range.cpp">
      <Filter>Source Files\gen</Filter>
    </ClCompile>
    <ClCompile Include="..\..\src\gen\ray_cast.cpp">
      <Filter>Source Files\gen</Filter>
    </ClCompile>
    <ClCompile Include="..\..\src\gen\ray_cast2d.cpp">
      <Filter>Source Files\gen</Filter>
    </ClCompile>
    <ClCompile Include="..\..\src\gen\ray_shape.cpp">
      <Filter>Source Files\gen</Filter>
    </ClCompile>
    <ClCompile Include="..\..\src\gen\ray_shape2d.cpp">
      <Filter>Source Files\gen</Filter>
    </ClCompile>
    <ClCompile Include="..\..\src\gen\rectangle_shape2d.cpp">
      <Filter>Source Files\gen</Filter>
    </ClCompile>
    <ClCompile Include="..\..\src\gen\reference.cpp">
      <Filter>Source Files\gen</Filter>
    </ClCompile>
    <ClCompile Include="..\..\src\gen\reference_rect.cpp">
      <Filter>Source Files\gen</Filter>
    </ClCompile>
    <ClCompile Include="..\..\src\gen\reflection_probe.cpp">
      <Filter>Source Files\gen</Filter>
    </ClCompile>
    <ClCompile Include="..\..\src\gen\reg_ex.cpp">
      <Filter>Source Files\gen</Filter>
    </ClCompile>
    <ClCompile Include="..\..\src\gen\reg_ex_match.cpp">
      <Filter>Source Files\gen</Filter>
    </ClCompile>
    <ClCompile Include="..\..\src\gen\remote_transform.cpp">
      <Filter>Source Files\gen</Filter>
    </ClCompile>
    <ClCompile Include="..\..\src\gen\remote_transform2d.cpp">
      <Filter>Source Files\gen</Filter>
    </ClCompile>
    <ClCompile Include="..\..\src\gen\resource.cpp">
      <Filter>Source Files\gen</Filter>
    </ClCompile>
    <ClCompile Include="..\..\src\gen\resource_format_loader.cpp">
      <Filter>Source Files\gen</Filter>
    </ClCompile>
    <ClCompile Include="..\..\src\gen\resource_format_saver.cpp">
      <Filter>Source Files\gen</Filter>
    </ClCompile>
    <ClCompile Include="..\..\src\gen\resource_importer.cpp">
      <Filter>Source Files\gen</Filter>
    </ClCompile>
    <ClCompile Include="..\..\src\gen\resource_interactive_loader.cpp">
      <Filter>Source Files\gen</Filter>
    </ClCompile>
    <ClCompile Include="..\..\src\gen\resource_loader.cpp">
      <Filter>Source Files\gen</Filter>
    </ClCompile>
    <ClCompile Include="..\..\src\gen\resource_preloader.cpp">
      <Filter>Source Files\gen</Filter>
    </ClCompile>
    <ClCompile Include="..\..\src\gen\resource_saver.cpp">
      <Filter>Source Files\gen</Filter>
    </ClCompile>
    <ClCompile Include="..\..\src\gen\rich_text_effect.cpp">
      <Filter>Source Files\gen</Filter>
    </ClCompile>
    <ClCompile Include="..\..\src\gen\rich_text_label.cpp">
      <Filter>Source Files\gen</Filter>
    </ClCompile>
    <ClCompile Include="..\..\src\gen\rigid_body.cpp">
      <Filter>Source Files\gen</Filter>
    </ClCompile>
    <ClCompile Include="..\..\src\gen\rigid_body2d.cpp">
      <Filter>Source Files\gen</Filter>
    </ClCompile>
    <ClCompile Include="..\..\src\gen\room.cpp">
      <Filter>Source Files\gen</Filter>
    </ClCompile>
    <ClCompile Include="..\..\src\gen\room_group.cpp">
      <Filter>Source Files\gen</Filter>
    </ClCompile>
    <ClCompile Include="..\..\src\gen\room_manager.cpp">
      <Filter>Source Files\gen</Filter>
    </ClCompile>
    <ClCompile Include="..\..\src\gen\root_motion_view.cpp">
      <Filter>Source Files\gen</Filter>
    </ClCompile>
    <ClCompile Include="..\..\src\gen\scene_state.cpp">
      <Filter>Source Files\gen</Filter>
    </ClCompile>
    <ClCompile Include="..\..\src\gen\scene_tree.cpp">
      <Filter>Source Files\gen</Filter>
    </ClCompile>
    <ClCompile Include="..\..\src\gen\scene_tree_timer.cpp">
      <Filter>Source Files\gen</Filter>
    </ClCompile>
    <ClCompile Include="..\..\src\gen\scene_tree_tween.cpp">
      <Filter>Source Files\gen</Filter>
    </ClCompile>
    <ClCompile Include="..\..\src\gen\script.cpp">
      <Filter>Source Files\gen</Filter>
    </ClCompile>
    <ClCompile Include="..\..\src\gen\script_create_dialog.cpp">
      <Filter>Source Files\gen</Filter>
    </ClCompile>
    <ClCompile Include="..\..\src\gen\script_editor.cpp">
      <Filter>Source Files\gen</Filter>
    </ClCompile>
    <ClCompile Include="..\..\src\gen\scroll_bar.cpp">
      <Filter>Source Files\gen</Filter>
    </ClCompile>
    <ClCompile Include="..\..\src\gen\scroll_container.cpp">
      <Filter>Source Files\gen</Filter>
    </ClCompile>
    <ClCompile Include="..\..\src\gen\segment_shape2d.cpp">
      <Filter>Source Files\gen</Filter>
    </ClCompile>
    <ClCompile Include="..\..\src\gen\semaphore.cpp">
      <Filter>Source Files\gen</Filter>
    </ClCompile>
    <ClCompile Include="..\..\src\gen\separator.cpp">
      <Filter>Source Files\gen</Filter>
    </ClCompile>
    <ClCompile Include="..\..\src\gen\shader.cpp">
      <Filter>Source Files\gen</Filter>
    </ClCompile>
    <ClCompile Include="..\..\src\gen\shader_material.cpp">
      <Filter>Source Files\gen</Filter>
    </ClCompile>
    <ClCompile Include="..\..\src\gen\shape.cpp">
      <Filter>Source Files\gen</Filter>
    </ClCompile>
    <ClCompile Include="..\..\src\gen\shape2d.cpp">
      <Filter>Source Files\gen</Filter>
    </ClCompile>
    <ClCompile Include="..\..\src\gen\short_cut.cpp">
      <Filter>Source Files\gen</Filter>
    </ClCompile>
    <ClCompile Include="..\..\src\gen\skeleton.cpp">
      <Filter>Source Files\gen</Filter>
    </ClCompile>
    <ClCompile Include="..\..\src\gen\skeleton_ik.cpp">
      <Filter>Source Files\gen</Filter>
    </ClCompile>
    <ClCompile Include="..\..\src\gen\skeleton2d.cpp">
      <Filter>Source Files\gen</Filter>
    </ClCompile>
    <ClCompile Include="..\..\src\gen\skin.cpp">
      <Filter>Source Files\gen</Filter>
    </ClCompile>
    <ClCompile Include="..\..\src\gen\skin_reference.cpp">
      <Filter>Source Files\gen</Filter>
    </ClCompile>
    <ClCompile Include="..\..\src\gen\sky.cpp">
      <Filter>Source Files\gen</Filter>
    </ClCompile>
    <ClCompile Include="..\..\src\gen\slider.cpp">
      <Filter>Source Files\gen</Filter>
    </ClCompile>
    <ClCompile Include="..\..\src\gen\slider_joint.cpp">
      <Filter>Source Files\gen</Filter>
    </ClCompile>
    <ClCompile Include="..\..\src\gen\soft_body.cpp">
      <Filter>Source Files\gen</Filter>
    </ClCompile>
    <ClCompile Include="..\..\src\gen\spatial.cpp">
      <Filter>Source Files\gen</Filter>
    </ClCompile>
    <ClCompile Include="..\..\src\gen\spatial_gizmo.cpp">
      <Filter>Source Files\gen</Filter>
    </ClCompile>
    <ClCompile Include="..\..\src\gen\spatial_material.cpp">
      <Filter>Source Files\gen</Filter>
    </ClCompile>
    <ClCompile Include="..\..\src\gen\spatial_velocity_tracker.cpp">
      <Filter>Source Files\gen</Filter>
    </ClCompile>
    <ClCompile Include="..\..\src\gen\sphere_mesh.cpp">
      <Filter>Source Files\gen</Filter>
    </ClCompile>
    <ClCompile Include="..\..\src\gen\sphere_shape.cpp">
      <Filter>Source Files\gen</Filter>
    </ClCompile>
    <ClCompile Include="..\..\src\gen\spin_box.cpp">
      <Filter>Source Files\gen</Filter>
    </ClCompile>
    <ClCompile Include="..\..\src\gen\split_container.cpp">
      <Filter>Source Files\gen</Filter>
    </ClCompile>
    <ClCompile Include="..\..\src\gen\spot_light.cpp">
      <Filter>Source Files\gen</Filter>
    </ClCompile>
    <ClCompile Include="..\..\src\gen\spring_arm.cpp">
      <Filter>Source Files\gen</Filter>
    </ClCompile>
    <ClCompile Include="..\..\src\gen\sprite.cpp">
      <Filter>Source Files\gen</Filter>
    </ClCompile>
    <ClCompile Include="..\..\src\gen\sprite_base3d.cpp">
      <Filter>Source Files\gen</Filter>
    </ClCompile>
    <ClCompile Include="..\..\src\gen\sprite_frames.cpp">
      <Filter>Source Files\gen</Filter>
    </ClCompile>
    <ClCompile Include="..\..\src\gen\sprite3d.cpp">
      <Filter>Source Files\gen</Filter>
    </ClCompile>
    <ClCompile Include="..\..\src\gen\static_body.cpp">
      <Filter>Source Files\gen</Filter>
    </ClCompile>
    <ClCompile Include="..\..\src\gen\static_body2d.cpp">
      <Filter>Source Files\gen</Filter>
    </ClCompile>
    <ClCompile Include="..\..\src\gen\stream_peer.cpp">
      <Filter>Source Files\gen</Filter>
    </ClCompile>
    <ClCompile Include="..\..\src\gen\stream_peer_buffer.cpp">
      <Filter>Source Files\gen</Filter>
    </ClCompile>
    <ClCompile Include="..\..\src\gen\stream_peer_gdnative.cpp">
      <Filter>Source Files\gen</Filter>
    </ClCompile>
    <ClCompile Include="..\..\src\gen\stream_peer_ssl.cpp">
      <Filter>Source Files\gen</Filter>
    </ClCompile>
    <ClCompile Include="..\..\src\gen\stream_peer_tcp.cpp">
      <Filter>Source Files\gen</Filter>
    </ClCompile>
    <ClCompile Include="..\..\src\gen\stream_texture.cpp">
      <Filter>Source Files\gen</Filter>
    </ClCompile>
    <ClCompile Include="..\..\src\gen\style_box.cpp">
      <Filter>Source Files\gen</Filter>
    </ClCompile>
    <ClCompile Include="..\..\src\gen\style_box_empty.cpp">
      <Filter>Source Files\gen</Filter>
    </ClCompile>
    <ClCompile Include="..\..\src\gen\style_box_flat.cpp">
      <Filter>Source Files\gen</Filter>
    </ClCompile>
    <ClCompile Include="..\..\src\gen\style_box_line.cpp">
      <Filter>Source Files\gen</Filter>
    </ClCompile>
    <ClCompile Include="..\..\src\gen\style_box_texture.cpp">
      <Filter>Source Files\gen</Filter>
    </ClCompile>
    <ClCompile Include="..\..\src\gen\surface_tool.cpp">
      <Filter>Source Files\gen</Filter>
    </ClCompile>
    <ClCompile Include="..\..\src\gen\tab_container.cpp">
      <Filter>Source Files\gen</Filter>
    </ClCompile>
    <ClCompile Include="..\..\src\gen\tabs.cpp">
      <Filter>Source Files\gen</Filter>
    </ClCompile>
    <ClCompile Include="..\..\src\gen\tcp_Server.cpp">
      <Filter>Source Files\gen</Filter>
    </ClCompile>
    <ClCompile Include="..\..\src\gen\text_edit.cpp">
      <Filter>Source Files\gen</Filter>
    </ClCompile>
    <ClCompile Include="..\..\src\gen\text_file.cpp">
      <Filter>Source Files\gen</Filter>
    </ClCompile>
    <ClCompile Include="..\..\src\gen\text_mesh.cpp">
      <Filter>Source Files\gen</Filter>
    </ClCompile>
    <ClCompile Include="..\..\src\gen\texture.cpp">
      <Filter>Source Files\gen</Filter>
    </ClCompile>
    <ClCompile Include="..\..\src\gen\texture_array.cpp">
      <Filter>Source Files\gen</Filter>
    </ClCompile>
    <ClCompile Include="..\..\src\gen\texture_button.cpp">
      <Filter>Source Files\gen</Filter>
    </ClCompile>
    <ClCompile Include="..\..\src\gen\texture_layered.cpp">
      <Filter>Source Files\gen</Filter>
    </ClCompile>
    <ClCompile Include="..\..\src\gen\texture_progress.cpp">
      <Filter>Source Files\gen</Filter>
    </ClCompile>
    <ClCompile Include="..\..\src\gen\texture_rect.cpp">
      <Filter>Source Files\gen</Filter>
    </ClCompile>
    <ClCompile Include="..\..\src\gen\texture3d.cpp">
      <Filter>Source Files\gen</Filter>
    </ClCompile>
    <ClCompile Include="..\..\src\gen\theme.cpp">
      <Filter>Source Files\gen</Filter>
    </ClCompile>
    <ClCompile Include="..\..\src\gen\thread.cpp">
      <Filter>Source Files\gen</Filter>
    </ClCompile>
    <ClCompile Include="..\..\src\gen\tile_map.cpp">
      <Filter>Source Files\gen</Filter>
    </ClCompile>
    <ClCompile Include="..\..\src\gen\tile_set.cpp">
      <Filter>Source Files\gen</Filter>
    </ClCompile>
    <ClCompile Include="..\..\src\gen\time.cpp">
      <Filter>Source Files\gen</Filter>
    </ClCompile>
    <ClCompile Include="..\..\src\gen\timer.cpp">
      <Filter>Source Files\gen</Filter>
    </ClCompile>
    <ClCompile Include="..\..\src\gen\tool_button.cpp">
      <Filter>Source Files\gen</Filter>
    </ClCompile>
    <ClCompile Include="..\..\src\gen\touch_screen_button.cpp">
      <Filter>Source Files\gen</Filter>
    </ClCompile>
    <ClCompile Include="..\..\src\gen\translation.cpp">
      <Filter>Source Files\gen</Filter>
    </ClCompile>
    <ClCompile Include="..\..\src\gen\translation_server.cpp">
      <Filter>Source Files\gen</Filter>
    </ClCompile>
    <ClCompile Include="..\..\src\gen\tree.cpp">
      <Filter>Source Files\gen</Filter>
    </ClCompile>
    <ClCompile Include="..\..\src\gen\tree_item.cpp">
      <Filter>Source Files\gen</Filter>
    </ClCompile>
    <ClCompile Include="..\..\src\gen\triangle_mesh.cpp">
      <Filter>Source Files\gen</Filter>
    </ClCompile>
    <ClCompile Include="..\..\src\gen\tween.cpp">
      <Filter>Source Files\gen</Filter>
    </ClCompile>
    <ClCompile Include="..\..\src\gen\tweener.cpp">
      <Filter>Source Files\gen</Filter>
    </ClCompile>
    <ClCompile Include="..\..\src\gen\udpserver.cpp">
      <Filter>Source Files\gen</Filter>
    </ClCompile>
    <ClCompile Include="..\..\src\gen\undo_redo.cpp">
      <Filter>Source Files\gen</Filter>
    </ClCompile>
    <ClCompile Include="..\..\src\gen\upnp.cpp">
      <Filter>Source Files\gen</Filter>
    </ClCompile>
    <ClCompile Include="..\..\src\gen\upnpdevice.cpp">
      <Filter>Source Files\gen</Filter>
    </ClCompile>
    <ClCompile Include="..\..\src\gen\vbox_container.cpp">
      <Filter>Source Files\gen</Filter>
    </ClCompile>
    <ClCompile Include="..\..\src\gen\vehicle_body.cpp">
      <Filter>Source Files\gen</Filter>
    </ClCompile>
    <ClCompile Include="..\..\src\gen\vehicle_wheel.cpp">
      <Filter>Source Files\gen</Filter>
    </ClCompile>
    <ClCompile Include="..\..\src\gen\vflow_container.cpp">
      <Filter>Source Files\gen</Filter>
    </ClCompile>
    <ClCompile Include="..\..\src\gen\video_player.cpp">
      <Filter>Source Files\gen</Filter>
    </ClCompile>
    <ClCompile Include="..\..\src\gen\video_stream.cpp">
      <Filter>Source Files\gen</Filter>
    </ClCompile>
    <ClCompile Include="..\..\src\gen\video_stream_gdnative.cpp">
      <Filter>Source Files\gen</Filter>
    </ClCompile>
    <ClCompile Include="..\..\src\gen\video_stream_theora.cpp">
      <Filter>Source Files\gen</Filter>
    </ClCompile>
    <ClCompile Include="..\..\src\gen\video_stream_webm.cpp">
      <Filter>Source Files\gen</Filter>
    </ClCompile>
    <ClCompile Include="..\..\src\gen\viewport.cpp">
      <Filter>Source Files\gen</Filter>
    </ClCompile>
    <ClCompile Include="..\..\src\gen\viewport_container.cpp">
      <Filter>Source Files\gen</Filter>
    </ClCompile>
    <ClCompile Include="..\..\src\gen\viewport_texture.cpp">
      <Filter>Source Files\gen</Filter>
    </ClCompile>
    <ClCompile Include="..\..\src\gen\visibility_enabler.cpp">
      <Filter>Source Files\gen</Filter>
    </ClCompile>
    <ClCompile Include="..\..\src\gen\visibility_enabler2d.cpp">
      <Filter>Source Files\gen</Filter>
    </ClCompile>
    <ClCompile Include="..\..\src\gen\visibility_notifier.cpp">
      <Filter>Source Files\gen</Filter>
    </ClCompile>
    <ClCompile Include="..\..\src\gen\visibility_notifier2d.cpp">
      <Filter>Source Files\gen</Filter>
    </ClCompile>
    <ClCompile Include="..\..\src\gen\visual_instance.cpp">
      <Filter>Source Files\gen</Filter>
    </ClCompile>
    <ClCompile Include="..\..\src\gen\visual_script.cpp">
      <Filter>Source Files\gen</Filter>
    </ClCompile>
    <ClCompile Include="..\..\src\gen\visual_script_basic_type_constant.cpp">
      <Filter>Source Files\gen</Filter>
    </ClCompile>
    <ClCompile Include="..\..\src\gen\visual_script_builtin_func.cpp">
      <Filter>Source Files\gen</Filter>
    </ClCompile>
    <ClCompile Include="..\..\src\gen\visual_script_class_constant.cpp">
      <Filter>Source Files\gen</Filter>
    </ClCompile>
    <ClCompile Include="..\..\src\gen\visual_script_comment.cpp">
      <Filter>Source Files\gen</Filter>
    </ClCompile>
    <ClCompile Include="..\..\src\gen\visual_script_compose_array.cpp">
      <Filter>Source Files\gen</Filter>
    </ClCompile>
    <ClCompile Include="..\..\src\gen\visual_script_condition.cpp">
      <Filter>Source Files\gen</Filter>
    </ClCompile>
    <ClCompile Include="..\..\src\gen\visual_script_constant.cpp">
      <Filter>Source Files\gen</Filter>
    </ClCompile>
    <ClCompile Include="..\..\src\gen\visual_script_constructor.cpp">
      <Filter>Source Files\gen</Filter>
    </ClCompile>
    <ClCompile Include="..\..\src\gen\visual_script_custom_node.cpp">
      <Filter>Source Files\gen</Filter>
    </ClCompile>
    <ClCompile Include="..\..\src\gen\visual_script_deconstruct.cpp">
      <Filter>Source Files\gen</Filter>
    </ClCompile>
    <ClCompile Include="..\..\src\gen\visual_script_editor.cpp">
      <Filter>Source Files\gen</Filter>
    </ClCompile>
    <ClCompile Include="..\..\src\gen\visual_script_emit_signal.cpp">
      <Filter>Source Files\gen</Filter>
    </ClCompile>
    <ClCompile Include="..\..\src\gen\visual_script_engine_singleton.cpp">
      <Filter>Source Files\gen</Filter>
    </ClCompile>
    <ClCompile Include="..\..\src\gen\visual_script_expression.cpp">
      <Filter>Source Files\gen</Filter>
    </ClCompile>
    <ClCompile Include="..\..\src\gen\visual_script_function.cpp">
      <Filter>Source Files\gen</Filter>
    </ClCompile>
    <ClCompile Include="..\..\src\gen\visual_script_function_call.cpp">
      <Filter>Source Files\gen</Filter>
    </ClCompile>
    <ClCompile Include="..\..\src\gen\visual_script_function_state.cpp">
      <Filter>Source Files\gen</Filter>
    </ClCompile>
    <ClCompile Include="..\..\src\gen\visual_script_global_constant.cpp">
      <Filter>Source Files\gen</Filter>
    </ClCompile>
    <ClCompile Include="..\..\src\gen\visual_script_index_get.cpp">
      <Filter>Source Files\gen</Filter>
    </ClCompile>
    <ClCompile Include="..\..\src\gen\visual_script_index_set.cpp">
      <Filter>Source Files\gen</Filter>
    </ClCompile>
    <ClCompile Include="..\..\src\gen\visual_script_input_action.cpp">
      <Filter>Source Files\gen</Filter>
    </ClCompile>
    <ClCompile Include="..\..\src\gen\visual_script_iterator.cpp">
      <Filter>Source Files\gen</Filter>
    </ClCompile>
    <ClCompile Include="..\..\src\gen\visual_script_lists.cpp">
      <Filter>Source Files\gen</Filter>
    </ClCompile>
    <ClCompile Include="..\..\src\gen\visual_script_local_var.cpp">
      <Filter>Source Files\gen</Filter>
    </ClCompile>
    <ClCompile Include="..\..\src\gen\visual_script_local_var_set.cpp">
      <Filter>Source Files\gen</Filter>
    </ClCompile>
    <ClCompile Include="..\..\src\gen\visual_script_math_constant.cpp">
      <Filter>Source Files\gen</Filter>
    </ClCompile>
    <ClCompile Include="..\..\src\gen\visual_script_node.cpp">
      <Filter>Source Files\gen</Filter>
    </ClCompile>
    <ClCompile Include="..\..\src\gen\visual_script_operator.cpp">
      <Filter>Source Files\gen</Filter>
    </ClCompile>
    <ClCompile Include="..\..\src\gen\visual_script_preload.cpp">
      <Filter>Source Files\gen</Filter>
    </ClCompile>
    <ClCompile Include="..\..\src\gen\visual_script_property_get.cpp">
      <Filter>Source Files\gen</Filter>
    </ClCompile>
    <ClCompile Include="..\..\src\gen\visual_script_property_set.cpp">
      <Filter>Source Files\gen</Filter>
    </ClCompile>
    <ClCompile Include="..\..\src\gen\visual_script_resource_path.cpp">
      <Filter>Source Files\gen</Filter>
    </ClCompile>
    <ClCompile Include="..\..\src\gen\visual_script_return.cpp">
      <Filter>Source Files\gen</Filter>
    </ClCompile>
    <ClCompile Include="..\..\src\gen\visual_script_scene_node.cpp">
      <Filter>Source Files\gen</Filter>
    </ClCompile>
    <ClCompile Include="..\..\src\gen\visual_script_scene_tree.cpp">
      <Filter>Source Files\gen</Filter>
    </ClCompile>
    <ClCompile Include="..\..\src\gen\visual_script_select.cpp">
      <Filter>Source Files\gen</Filter>
    </ClCompile>
    <ClCompile Include="..\..\src\gen\visual_script_self.cpp">
      <Filter>Source Files\gen</Filter>
    </ClCompile>
    <ClCompile Include="..\..\src\gen\visual_script_sequence.cpp">
      <Filter>Source Files\gen</Filter>
    </ClCompile>
    <ClCompile Include="..\..\src\gen\visual_script_sub_call.cpp">
      <Filter>Source Files\gen</Filter>
    </ClCompile>
    <ClCompile Include="..\..\src\gen\visual_script_switch.cpp">
      <Filter>Source Files\gen</Filter>
    </ClCompile>
    <ClCompile Include="..\..\src\gen\visual_script_type_cast.cpp">
      <Filter>Source Files\gen</Filter>
    </ClCompile>
    <ClCompile Include="..\..\src\gen\visual_script_variable_get.cpp">
      <Filter>Source Files\gen</Filter>
    </ClCompile>
    <ClCompile Include="..\..\src\gen\visual_script_variable_set.cpp">
      <Filter>Source Files\gen</Filter>
    </ClCompile>
    <ClCompile Include="..\..\src\gen\visual_script_while.cpp">
      <Filter>Source Files\gen</Filter>
    </ClCompile>
    <ClCompile Include="..\..\src\gen\visual_script_yield.cpp">
      <Filter>Source Files\gen</Filter>
    </ClCompile>
    <ClCompile Include="..\..\src\gen\visual_script_yield_signal.cpp">
      <Filter>Source Files\gen</Filter>
    </ClCompile>
    <ClCompile Include="..\..\src\gen\visual_server.cpp">
      <Filter>Source Files\gen</Filter>
    </ClCompile>
    <ClCompile Include="..\..\src\gen\visual_shader.cpp">
      <Filter>Source Files\gen</Filter>
    </ClCompile>
    <ClCompile Include="..\..\src\gen\visual_shader_node.cpp">
      <Filter>Source Files\gen</Filter>
    </ClCompile>
    <ClCompile Include="..\..\src\gen\visual_shader_node_boolean_constant.cpp">
      <Filter>Source Files\gen</Filter>
    </ClCompile>
    <ClCompile Include="..\..\src\gen\visual_shader_node_boolean_uniform.cpp">
      <Filter>Source Files\gen</Filter>
    </ClCompile>
    <ClCompile Include="..\..\src\gen\visual_shader_node_color_constant.cpp">
      <Filter>Source Files\gen</Filter>
    </ClCompile>
    <ClCompile Include="..\..\src\gen\visual_shader_node_color_func.cpp">
      <Filter>Source Files\gen</Filter>
    </ClCompile>
    <ClCompile Include="..\..\src\gen\visual_shader_node_color_op.cpp">
      <Filter>Source Files\gen</Filter>
    </ClCompile>
    <ClCompile Include="..\..\src\gen\visual_shader_node_color_uniform.cpp">
      <Filter>Source Files\gen</Filter>
    </ClCompile>
    <ClCompile Include="..\..\src\gen\visual_shader_node_compare.cpp">
      <Filter>Source Files\gen</Filter>
    </ClCompile>
    <ClCompile Include="..\..\src\gen\visual_shader_node_cube_map.cpp">
      <Filter>Source Files\gen</Filter>
    </ClCompile>
    <ClCompile Include="..\..\src\gen\visual_shader_node_cube_map_uniform.cpp">
      <Filter>Source Files\gen</Filter>
    </ClCompile>
    <ClCompile Include="..\..\src\gen\visual_shader_node_custom.cpp">
      <Filter>Source Files\gen</Filter>
    </ClCompile>
    <ClCompile Include="..\..\src\gen\visual_shader_node_determinant.cpp">
      <Filter>Source Files\gen</Filter>
    </ClCompile>
    <ClCompile Include="..\..\src\gen\visual_shader_node_dot_product.cpp">
      <Filter>Source Files\gen</Filter>
    </ClCompile>
    <ClCompile Include="..\..\src\gen\visual_shader_node_expression.cpp">
      <Filter>Source Files\gen</Filter>
    </ClCompile>
    <ClCompile Include="..\..\src\gen\visual_shader_node_face_forward.cpp">
      <Filter>Source Files\gen</Filter>
    </ClCompile>
    <ClCompile Include="..\..\src\gen\visual_shader_node_fresnel.cpp">
      <Filter>Source Files\gen</Filter>
    </ClCompile>
    <ClCompile Include="..\..\src\gen\visual_shader_node_global_expression.cpp">
      <Filter>Source Files\gen</Filter>
    </ClCompile>
    <ClCompile Include="..\..\src\gen\visual_shader_node_group_base.cpp">
      <Filter>Source Files\gen</Filter>
    </ClCompile>
    <ClCompile Include="..\..\src\gen\visual_shader_node_if.cpp">
      <Filter>Source Files\gen</Filter>
    </ClCompile>
    <ClCompile Include="..\..\src\gen\visual_shader_node_input.cpp">
      <Filter>Source Files\gen</Filter>
    </ClCompile>
    <ClCompile Include="..\..\src\gen\visual_shader_node_is.cpp">
      <Filter>Source Files\gen</Filter>
    </ClCompile>
    <ClCompile Include="..\..\src\gen\visual_shader_node_outer_product.cpp">
      <Filter>Source Files\gen</Filter>
    </ClCompile>
    <ClCompile Include="..\..\src\gen\visual_shader_node_output.cpp">
      <Filter>Source Files\gen</Filter>
    </ClCompile>
    <ClCompile Include="..\..\src\gen\visual_shader_node_scalar_clamp.cpp">
      <Filter>Source Files\gen</Filter>
    </ClCompile>
    <ClCompile Include="..\..\src\gen\visual_shader_node_scalar_constant.cpp">
      <Filter>Source Files\gen</Filter>
    </ClCompile>
    <ClCompile Include="..\..\src\gen\visual_shader_node_scalar_derivative_func.cpp">
      <Filter>Source Files\gen</Filter>
    </ClCompile>
    <ClCompile Include="..\..\src\gen\visual_shader_node_scalar_func.cpp">
      <Filter>Source Files\gen</Filter>
    </ClCompile>
    <ClCompile Include="..\..\src\gen\visual_shader_node_scalar_interp.cpp">
      <Filter>Source Files\gen</Filter>
    </ClCompile>
    <ClCompile Include="..\..\src\gen\visual_shader_node_scalar_op.cpp">
      <Filter>Source Files\gen</Filter>
    </ClCompile>
    <ClCompile Include="..\..\src\gen\visual_shader_node_scalar_smooth_step.cpp">
      <Filter>Source Files\gen</Filter>
    </ClCompile>
    <ClCompile Include="..\..\src\gen\visual_shader_node_scalar_switch.cpp">
      <Filter>Source Files\gen</Filter>
    </ClCompile>
    <ClCompile Include="..\..\src\gen\visual_shader_node_scalar_uniform.cpp">
      <Filter>Source Files\gen</Filter>
    </ClCompile>
    <ClCompile Include="..\..\src\gen\visual_shader_node_switch.cpp">
      <Filter>Source Files\gen</Filter>
    </ClCompile>
    <ClCompile Include="..\..\src\gen\visual_shader_node_texture.cpp">
      <Filter>Source Files\gen</Filter>
    </ClCompile>
    <ClCompile Include="..\..\src\gen\visual_shader_node_texture_uniform.cpp">
      <Filter>Source Files\gen</Filter>
    </ClCompile>
    <ClCompile Include="..\..\src\gen\visual_shader_node_texture_uniform_triplanar.cpp">
      <Filter>Source Files\gen</Filter>
    </ClCompile>
    <ClCompile Include="..\..\src\gen\visual_shader_node_transform_compose.cpp">
      <Filter>Source Files\gen</Filter>
    </ClCompile>
    <ClCompile Include="..\..\src\gen\visual_shader_node_transform_constant.cpp">
      <Filter>Source Files\gen</Filter>
    </ClCompile>
    <ClCompile Include="..\..\src\gen\visual_shader_node_transform_decompose.cpp">
      <Filter>Source Files\gen</Filter>
    </ClCompile>
    <ClCompile Include="..\..\src\gen\visual_shader_node_transform_func.cpp">
      <Filter>Source Files\gen</Filter>
    </ClCompile>
    <ClCompile Include="..\..\src\gen\visual_shader_node_transform_mult.cpp">
      <Filter>Source Files\gen</Filter>
    </ClCompile>
    <ClCompile Include="..\..\src\gen\visual_shader_node_transform_uniform.cpp">
      <Filter>Source Files\gen</Filter>
    </ClCompile>
    <ClCompile Include="..\..\src\gen\visual_shader_node_transform_vec_mult.cpp">
      <Filter>Source Files\gen</Filter>
    </ClCompile>
    <ClCompile Include="..\..\src\gen\visual_shader_node_uniform.cpp">
      <Filter>Source Files\gen</Filter>
    </ClCompile>
    <ClCompile Include="..\..\src\gen\visual_shader_node_uniform_ref.cpp">
      <Filter>Source Files\gen</Filter>
    </ClCompile>
    <ClCompile Include="..\..\src\gen\visual_shader_node_vec3_constant.cpp">
      <Filter>Source Files\gen</Filter>
    </ClCompile>
    <ClCompile Include="..\..\src\gen\visual_shader_node_vec3_uniform.cpp">
      <Filter>Source Files\gen</Filter>
    </ClCompile>
    <ClCompile Include="..\..\src\gen\visual_shader_node_vector_clamp.cpp">
      <Filter>Source Files\gen</Filter>
    </ClCompile>
    <ClCompile Include="..\..\src\gen\visual_shader_node_vector_compose.cpp">
      <Filter>Source Files\gen</Filter>
    </ClCompile>
    <ClCompile Include="..\..\src\gen\visual_shader_node_vector_decompose.cpp">
      <Filter>Source Files\gen</Filter>
    </ClCompile>
    <ClCompile Include="..\..\src\gen\visual_shader_node_vector_derivative_func.cpp">
      <Filter>Source Files\gen</Filter>
    </ClCompile>
    <ClCompile Include="..\..\src\gen\visual_shader_node_vector_distance.cpp">
      <Filter>Source Files\gen</Filter>
    </ClCompile>
    <ClCompile Include="..\..\src\gen\visual_shader_node_vector_func.cpp">
      <Filter>Source Files\gen</Filter>
    </ClCompile>
    <ClCompile Include="..\..\src\gen\visual_shader_node_vector_interp.cpp">
      <Filter>Source Files\gen</Filter>
    </ClCompile>
    <ClCompile Include="..\..\src\gen\visual_shader_node_vector_len.cpp">
      <Filter>Source Files\gen</Filter>
    </ClCompile>
    <ClCompile Include="..\..\src\gen\visual_shader_node_vector_op.cpp">
      <Filter>Source Files\gen</Filter>
    </ClCompile>
    <ClCompile Include="..\..\src\gen\visual_shader_node_vector_refract.cpp">
      <Filter>Source Files\gen</Filter>
    </ClCompile>
    <ClCompile Include="..\..\src\gen\visual_shader_node_vector_scalar_mix.cpp">
      <Filter>Source Files\gen</Filter>
    </ClCompile>
    <ClCompile Include="..\..\src\gen\visual_shader_node_vector_scalar_smooth_step.cpp">
      <Filter>Source Files\gen</Filter>
    </ClCompile>
    <ClCompile Include="..\..\src\gen\visual_shader_node_vector_scalar_step.cpp">
      <Filter>Source Files\gen</Filter>
    </ClCompile>
    <ClCompile Include="..\..\src\gen\visual_shader_node_vector_smooth_step.cpp">
      <Filter>Source Files\gen</Filter>
    </ClCompile>
    <ClCompile Include="..\..\src\gen\vscroll_bar.cpp">
      <Filter>Source Files\gen</Filter>
    </ClCompile>
    <ClCompile Include="..\..\src\gen\vseparator.cpp">
      <Filter>Source Files\gen</Filter>
    </ClCompile>
    <ClCompile Include="..\..\src\gen\vslider.cpp">
      <Filter>Source Files\gen</Filter>
    </ClCompile>
    <ClCompile Include="..\..\src\gen\vsplit_container.cpp">
      <Filter>Source Files\gen</Filter>
    </ClCompile>
    <ClCompile Include="..\..\src\gen\weak_ref.cpp">
      <Filter>Source Files\gen</Filter>
    </ClCompile>
    <ClCompile Include="..\..\src\gen\web_rtcdata_channel.cpp">
      <Filter>Source Files\gen</Filter>
    </ClCompile>
    <ClCompile Include="..\..\src\gen\web_rtcdata_channel_gdnative.cpp">
      <Filter>Source Files\gen</Filter>
    </ClCompile>
    <ClCompile Include="..\..\src\gen\web_rtcmultiplayer.cpp">
      <Filter>Source Files\gen</Filter>
    </ClCompile>
    <ClCompile Include="..\..\src\gen\web_rtcpeer_connection.cpp">
      <Filter>Source Files\gen</Filter>
    </ClCompile>
    <ClCompile Include="..\..\src\gen\web_rtcpeer_connection_gdnative.cpp">
      <Filter>Source Files\gen</Filter>
    </ClCompile>
    <ClCompile Include="..\..\src\gen\web_socket_client.cpp">
      <Filter>Source Files\gen</Filter>
    </ClCompile>
    <ClCompile Include="..\..\src\gen\web_socket_multiplayer_peer.cpp">
      <Filter>Source Files\gen</Filter>
    </ClCompile>
    <ClCompile Include="..\..\src\gen\web_socket_peer.cpp">
      <Filter>Source Files\gen</Filter>
    </ClCompile>
    <ClCompile Include="..\..\src\gen\web_socket_server.cpp">
      <Filter>Source Files\gen</Filter>
    </ClCompile>
    <ClCompile Include="..\..\src\gen\web_xrinterface.cpp">
      <Filter>Source Files\gen</Filter>
    </ClCompile>
    <ClCompile Include="..\..\src\gen\window_dialog.cpp">
      <Filter>Source Files\gen</Filter>
    </ClCompile>
    <ClCompile Include="..\..\src\gen\world.cpp">
      <Filter>Source Files\gen</Filter>
    </ClCompile>
    <ClCompile Include="..\..\src\gen\world_environment.cpp">
      <Filter>Source Files\gen</Filter>
    </ClCompile>
    <ClCompile Include="..\..\src\gen\world2d.cpp">
      <Filter>Source Files\gen</Filter>
    </ClCompile>
    <ClCompile Include="..\..\src\gen\x509_certificate.cpp">
      <Filter>Source Files\gen</Filter>
    </ClCompile>
    <ClCompile Include="..\..\src\gen\xmlparser.cpp">
      <Filter>Source Files\gen</Filter>
    </ClCompile>
    <ClCompile Include="..\..\src\gen\ysort.cpp">
      <Filter>Source Files\gen</Filter>
    </ClCompile>
    <ClCompile Include="..\..\src\gen\__init_method_bindings.cpp">
      <Filter>Source Files\gen</Filter>
    </ClCompile>
    <ClCompile Include="..\..\src\gen\__register_types.cpp">
      <Filter>Source Files\gen</Filter>
    </ClCompile>
    <ClCompile Include="..\..\src\gen\accept_dialog.cpp">
      <Filter>Source Files\gen</Filter>
    </ClCompile>
    <ClCompile Include="..\..\src\gen\aescontext.cpp">
      <Filter>Source Files\gen</Filter>
    </ClCompile>
  </ItemGroup>
</Project>